{
  "version": 4,
  "terraform_version": "1.14.3",
  "serial": 1023,
  "lineage": "ead958e6-5167-f4f3-1f3f-090091348c65",
  "outputs": {
    "vpc_id": {
      "value": "vpc-0ea76a21578c6dd1d",
      "type": "string"
    }
  },
  "resources": [
    {
      "mode": "managed",
      "type": "aws_autoscaling_group",
      "name": "application_tier_asg",
      "provider": "provider[\"registry.terraform.io/hashicorp/aws\"]",
      "instances": [
        {
          "schema_version": 1,
          "attributes": {
            "arn": "arn:aws:autoscaling:ap-south-1:256600409744:autoScalingGroup:fe386968-7698-4bad-a99f-c97079177752:autoScalingGroupName/application-tier-ASG",
            "availability_zone_distribution": [
              {
                "capacity_distribution_strategy": "balanced-best-effort"
              }
            ],
            "availability_zones": [
              "ap-south-1a",
              "ap-south-1b"
            ],
            "capacity_rebalance": false,
            "capacity_reservation_specification": [
              {
                "capacity_reservation_preference": "default",
                "capacity_reservation_target": []
              }
            ],
            "context": "",
            "default_cooldown": 300,
            "default_instance_warmup": 0,
            "desired_capacity": 1,
            "desired_capacity_type": "",
            "enabled_metrics": [
              "GroupDesiredCapacity",
              "GroupInServiceInstances",
              "GroupMaxSize",
              "GroupMinSize",
              "GroupTotalInstances"
            ],
            "force_delete": false,
            "force_delete_warm_pool": false,
            "health_check_grace_period": 300,
            "health_check_type": "ELB",
            "id": "application-tier-ASG",
            "ignore_failed_scaling_activities": false,
            "initial_lifecycle_hook": [],
            "instance_maintenance_policy": [],
            "instance_refresh": [],
            "launch_configuration": "",
            "launch_template": [
              {
                "id": "lt-0d704ee3f78ddd03b",
                "name": "application-tier-LT",
                "version": "$Latest"
              }
            ],
            "load_balancers": [],
            "max_instance_lifetime": 0,
            "max_size": 3,
            "metrics_granularity": "1Minute",
            "min_elb_capacity": null,
            "min_size": 1,
            "mixed_instances_policy": [],
            "name": "application-tier-ASG",
            "name_prefix": "",
            "placement_group": "",
            "predicted_capacity": 0,
            "protect_from_scale_in": false,
            "region": "ap-south-1",
            "service_linked_role_arn": "arn:aws:iam::256600409744:role/aws-service-role/autoscaling.amazonaws.com/AWSServiceRoleForAutoScaling",
            "suspended_processes": null,
            "tag": [
              {
                "key": "Name",
                "propagate_at_launch": true,
                "value": "application-tier-asg-instance"
              }
            ],
            "target_group_arns": [
              "arn:aws:elasticloadbalancing:ap-south-1:256600409744:targetgroup/app-tier-tg/07cac77f75172546"
            ],
            "termination_policies": null,
            "timeouts": null,
            "traffic_source": [
              {
                "identifier": "arn:aws:elasticloadbalancing:ap-south-1:256600409744:targetgroup/app-tier-tg/07cac77f75172546",
                "type": "elbv2"
              }
            ],
            "vpc_zone_identifier": [
              "subnet-0c00aa5c05b9ffe33",
              "subnet-0d639b3542f1560fa"
            ],
            "wait_for_capacity_timeout": "10m",
            "wait_for_elb_capacity": null,
            "warm_pool": [],
            "warm_pool_size": 0
          },
          "sensitive_attributes": [],
          "identity_schema_version": 0,
          "private": "eyJlMmJmYjczMC1lY2FhLTExZTYtOGY4OC0zNDM2M2JjN2M0YzAiOnsiZGVsZXRlIjo2MDAwMDAwMDAwMDAsInVwZGF0ZSI6NjAwMDAwMDAwMDAwfSwic2NoZW1hX3ZlcnNpb24iOiIxIn0=",
          "dependencies": [
            "aws_iam_instance_profile.ec2_profile",
            "aws_iam_role.ec2_role",
            "aws_launch_template.application_tier_lt",
            "aws_lb_target_group.app_tg",
            "aws_security_group.app_alb_sg",
            "aws_security_group.app_sg",
            "aws_security_group.bastion_sg",
            "aws_security_group.web_alb_sg",
            "aws_security_group.web_sg",
            "aws_subnet.app_1a",
            "aws_subnet.app_1b",
            "aws_vpc.main"
          ]
        }
      ]
    },
    {
      "mode": "managed",
      "type": "aws_autoscaling_group",
      "name": "web_tier_asg",
      "provider": "provider[\"registry.terraform.io/hashicorp/aws\"]",
      "instances": [
        {
          "schema_version": 1,
          "attributes": {
            "arn": "arn:aws:autoscaling:ap-south-1:256600409744:autoScalingGroup:3dc82384-1b39-4287-bcd8-a9915deaa6d6:autoScalingGroupName/web-tier-ASG",
            "availability_zone_distribution": [
              {
                "capacity_distribution_strategy": "balanced-best-effort"
              }
            ],
            "availability_zones": [
              "ap-south-1a",
              "ap-south-1b"
            ],
            "capacity_rebalance": false,
            "capacity_reservation_specification": [
              {
                "capacity_reservation_preference": "default",
                "capacity_reservation_target": []
              }
            ],
            "context": "",
            "default_cooldown": 300,
            "default_instance_warmup": 0,
            "desired_capacity": 1,
            "desired_capacity_type": "",
            "enabled_metrics": [
              "GroupDesiredCapacity",
              "GroupInServiceInstances",
              "GroupMaxSize",
              "GroupMinSize",
              "GroupTotalInstances"
            ],
            "force_delete": false,
            "force_delete_warm_pool": false,
            "health_check_grace_period": 300,
            "health_check_type": "ELB",
            "id": "web-tier-ASG",
            "ignore_failed_scaling_activities": false,
            "initial_lifecycle_hook": [],
            "instance_maintenance_policy": [],
            "instance_refresh": [],
            "launch_configuration": "",
            "launch_template": [
              {
                "id": "lt-077b72f7fe93265df",
                "name": "web-tier-LT",
                "version": "$Latest"
              }
            ],
            "load_balancers": [],
            "max_instance_lifetime": 0,
            "max_size": 3,
            "metrics_granularity": "1Minute",
            "min_elb_capacity": null,
            "min_size": 1,
            "mixed_instances_policy": [],
            "name": "web-tier-ASG",
            "name_prefix": "",
            "placement_group": "",
            "predicted_capacity": 0,
            "protect_from_scale_in": false,
            "region": "ap-south-1",
            "service_linked_role_arn": "arn:aws:iam::256600409744:role/aws-service-role/autoscaling.amazonaws.com/AWSServiceRoleForAutoScaling",
            "suspended_processes": null,
            "tag": [
              {
                "key": "Name",
                "propagate_at_launch": true,
                "value": "web-tier-asg-instance"
              }
            ],
            "target_group_arns": [
              "arn:aws:elasticloadbalancing:ap-south-1:256600409744:targetgroup/web-tier-tg/9ed3996a01c40b8f"
            ],
            "termination_policies": null,
            "timeouts": null,
            "traffic_source": [
              {
                "identifier": "arn:aws:elasticloadbalancing:ap-south-1:256600409744:targetgroup/web-tier-tg/9ed3996a01c40b8f",
                "type": "elbv2"
              }
            ],
            "vpc_zone_identifier": [
              "subnet-002465ef0c3386799",
              "subnet-080047d1099737105"
            ],
            "wait_for_capacity_timeout": "10m",
            "wait_for_elb_capacity": null,
            "warm_pool": [],
            "warm_pool_size": 0
          },
          "sensitive_attributes": [],
          "identity_schema_version": 0,
          "private": "eyJlMmJmYjczMC1lY2FhLTExZTYtOGY4OC0zNDM2M2JjN2M0YzAiOnsiZGVsZXRlIjo2MDAwMDAwMDAwMDAsInVwZGF0ZSI6NjAwMDAwMDAwMDAwfSwic2NoZW1hX3ZlcnNpb24iOiIxIn0=",
          "dependencies": [
            "aws_iam_instance_profile.ec2_profile",
            "aws_iam_role.ec2_role",
            "aws_launch_template.web_tier_lt",
            "aws_lb.app_alb",
            "aws_lb_target_group.web_tg",
            "aws_security_group.app_alb_sg",
            "aws_security_group.bastion_sg",
            "aws_security_group.web_alb_sg",
            "aws_security_group.web_sg",
            "aws_subnet.app_1a",
            "aws_subnet.app_1b",
            "aws_subnet.web_1a",
            "aws_subnet.web_1b",
            "aws_vpc.main"
          ]
        }
      ]
    },
    {
      "mode": "managed",
      "type": "aws_autoscaling_policy",
      "name": "application_cpu_target",
      "provider": "provider[\"registry.terraform.io/hashicorp/aws\"]",
      "instances": [
        {
          "schema_version": 0,
          "attributes": {
            "adjustment_type": "",
            "arn": "arn:aws:autoscaling:ap-south-1:256600409744:scalingPolicy:977aabaa-72e4-442e-975f-7def821cc670:autoScalingGroupName/application-tier-ASG:policyName/application-tier-cpu-scaling",
            "autoscaling_group_name": "application-tier-ASG",
            "cooldown": 0,
            "enabled": true,
            "estimated_instance_warmup": 0,
            "id": "application-tier-cpu-scaling",
            "metric_aggregation_type": "",
            "min_adjustment_magnitude": 0,
            "name": "application-tier-cpu-scaling",
            "policy_type": "TargetTrackingScaling",
            "predictive_scaling_configuration": [],
            "region": "ap-south-1",
            "scaling_adjustment": 0,
            "step_adjustment": [],
            "target_tracking_configuration": [
              {
                "customized_metric_specification": [],
                "disable_scale_in": false,
                "predefined_metric_specification": [
                  {
                    "predefined_metric_type": "ASGAverageCPUUtilization",
                    "resource_label": ""
                  }
                ],
                "target_value": 90
              }
            ]
          },
          "sensitive_attributes": [],
          "identity_schema_version": 0,
          "private": "bnVsbA==",
          "dependencies": [
            "aws_autoscaling_group.application_tier_asg",
            "aws_iam_instance_profile.ec2_profile",
            "aws_iam_role.ec2_role",
            "aws_launch_template.application_tier_lt",
            "aws_lb_target_group.app_tg",
            "aws_security_group.app_alb_sg",
            "aws_security_group.app_sg",
            "aws_security_group.bastion_sg",
            "aws_security_group.web_alb_sg",
            "aws_security_group.web_sg",
            "aws_subnet.app_1a",
            "aws_subnet.app_1b",
            "aws_vpc.main"
          ]
        }
      ]
    },
    {
      "mode": "managed",
      "type": "aws_autoscaling_policy",
      "name": "web_cpu_target",
      "provider": "provider[\"registry.terraform.io/hashicorp/aws\"]",
      "instances": [
        {
          "schema_version": 0,
          "attributes": {
            "adjustment_type": "",
            "arn": "arn:aws:autoscaling:ap-south-1:256600409744:scalingPolicy:afb0c028-fe37-4dd2-a07d-5563acdb0696:autoScalingGroupName/web-tier-ASG:policyName/web-tier-cpu-scaling",
            "autoscaling_group_name": "web-tier-ASG",
            "cooldown": 0,
            "enabled": true,
            "estimated_instance_warmup": 0,
            "id": "web-tier-cpu-scaling",
            "metric_aggregation_type": "",
            "min_adjustment_magnitude": 0,
            "name": "web-tier-cpu-scaling",
            "policy_type": "TargetTrackingScaling",
            "predictive_scaling_configuration": [],
            "region": "ap-south-1",
            "scaling_adjustment": 0,
            "step_adjustment": [],
            "target_tracking_configuration": [
              {
                "customized_metric_specification": [],
                "disable_scale_in": false,
                "predefined_metric_specification": [
                  {
                    "predefined_metric_type": "ASGAverageCPUUtilization",
                    "resource_label": ""
                  }
                ],
                "target_value": 90
              }
            ]
          },
          "sensitive_attributes": [],
          "identity_schema_version": 0,
          "private": "bnVsbA==",
          "dependencies": [
            "aws_autoscaling_group.web_tier_asg",
            "aws_iam_instance_profile.ec2_profile",
            "aws_iam_role.ec2_role",
            "aws_launch_template.web_tier_lt",
            "aws_lb.app_alb",
            "aws_lb_target_group.web_tg",
            "aws_security_group.app_alb_sg",
            "aws_security_group.bastion_sg",
            "aws_security_group.web_alb_sg",
            "aws_security_group.web_sg",
            "aws_subnet.app_1a",
            "aws_subnet.app_1b",
            "aws_subnet.web_1a",
            "aws_subnet.web_1b",
            "aws_vpc.main"
          ]
        }
      ]
    },
    {
      "mode": "managed",
      "type": "aws_db_instance",
      "name": "mysql",
      "provider": "provider[\"registry.terraform.io/hashicorp/aws\"]",
      "instances": [
        {
          "schema_version": 2,
          "attributes": {
            "address": "nodeapp-mysql-db.cp0k4s8c25hm.ap-south-1.rds.amazonaws.com",
            "allocated_storage": 20,
            "allow_major_version_upgrade": null,
            "apply_immediately": false,
            "arn": "arn:aws:rds:ap-south-1:256600409744:db:nodeapp-mysql-db",
            "auto_minor_version_upgrade": true,
            "availability_zone": "ap-south-1a",
            "backup_retention_period": 0,
            "backup_target": "region",
            "backup_window": "21:10-21:40",
            "blue_green_update": [],
            "ca_cert_identifier": "rds-ca-rsa2048-g1",
            "character_set_name": "",
            "copy_tags_to_snapshot": false,
            "custom_iam_instance_profile": "",
            "customer_owned_ip_enabled": false,
            "database_insights_mode": "standard",
            "db_name": "",
            "db_subnet_group_name": "tier-subnet-group",
            "dedicated_log_volume": false,
            "delete_automated_backups": true,
            "deletion_protection": false,
            "domain": "",
            "domain_auth_secret_arn": "",
            "domain_dns_ips": null,
            "domain_fqdn": "",
            "domain_iam_role_name": "",
            "domain_ou": "",
            "enabled_cloudwatch_logs_exports": null,
            "endpoint": "nodeapp-mysql-db.cp0k4s8c25hm.ap-south-1.rds.amazonaws.com:3306",
            "engine": "mysql",
            "engine_lifecycle_support": "open-source-rds-extended-support",
            "engine_version": "8.4.7",
            "engine_version_actual": "8.4.7",
            "final_snapshot_identifier": null,
            "hosted_zone_id": "Z2VFMSZA74J7XZ",
            "iam_database_authentication_enabled": false,
            "id": "db-S63WCGZVINI4CUDRWFD4HCCTJU",
            "identifier": "nodeapp-mysql-db",
            "identifier_prefix": "",
            "instance_class": "db.t3.micro",
            "iops": 0,
            "kms_key_id": "arn:aws:kms:ap-south-1:256600409744:key/74f52376-c941-4569-84fd-b06233be6c20",
            "latest_restorable_time": "",
            "license_model": "general-public-license",
            "listener_endpoint": [],
            "maintenance_window": "fri:07:46-fri:08:16",
            "manage_master_user_password": null,
            "master_user_secret": [],
            "master_user_secret_kms_key_id": null,
            "max_allocated_storage": 0,
            "monitoring_interval": 0,
            "monitoring_role_arn": "",
            "multi_az": false,
            "nchar_character_set_name": "",
            "network_type": "IPV4",
            "option_group_name": "default:mysql-8-4",
            "parameter_group_name": "default.mysql8.4",
            "password": "root123456",
            "password_wo": null,
            "password_wo_version": null,
            "performance_insights_enabled": false,
            "performance_insights_kms_key_id": "",
            "performance_insights_retention_period": 0,
            "port": 3306,
            "publicly_accessible": false,
            "region": "ap-south-1",
            "replica_mode": "",
            "replicas": [],
            "replicate_source_db": "",
            "resource_id": "db-S63WCGZVINI4CUDRWFD4HCCTJU",
            "restore_to_point_in_time": [],
            "s3_import": [],
            "skip_final_snapshot": true,
            "snapshot_identifier": null,
            "status": "available",
            "storage_encrypted": true,
            "storage_throughput": 0,
            "storage_type": "gp2",
            "tags": {
              "Name": "nodeapp-mysql-db"
            },
            "tags_all": {
              "Name": "nodeapp-mysql-db"
            },
            "timeouts": null,
            "timezone": "",
            "upgrade_rollout_order": "second",
            "upgrade_storage_config": null,
            "username": "admin",
            "vpc_security_group_ids": [
              "sg-03549d50ec431fce3"
            ]
          },
          "sensitive_attributes": [
            [
              {
                "type": "get_attr",
                "value": "password"
              }
            ],
            [
              {
                "type": "get_attr",
                "value": "password_wo"
              }
            ]
          ],
          "identity_schema_version": 0,
          "private": "eyJlMmJmYjczMC1lY2FhLTExZTYtOGY4OC0zNDM2M2JjN2M0YzAiOnsiY3JlYXRlIjozMDAwMDAwMDAwMDAwLCJkZWxldGUiOjM2MDAwMDAwMDAwMDAsInVwZGF0ZSI6NDgwMDAwMDAwMDAwMH0sInNjaGVtYV92ZXJzaW9uIjoiMiJ9",
          "dependencies": [
            "aws_db_subnet_group.tier_subnet_group",
            "aws_security_group.app_alb_sg",
            "aws_security_group.app_sg",
            "aws_security_group.bastion_sg",
            "aws_security_group.db_sg",
            "aws_security_group.web_alb_sg",
            "aws_security_group.web_sg",
            "aws_subnet.db_1a",
            "aws_subnet.db_1b",
            "aws_vpc.main"
          ]
        }
      ]
    },
    {
      "mode": "managed",
      "type": "aws_db_subnet_group",
      "name": "tier_subnet_group",
      "provider": "provider[\"registry.terraform.io/hashicorp/aws\"]",
      "instances": [
        {
          "schema_version": 0,
          "attributes": {
            "arn": "arn:aws:rds:ap-south-1:256600409744:subgrp:tier-subnet-group",
            "description": "Managed by Terraform",
            "id": "tier-subnet-group",
            "name": "tier-subnet-group",
            "name_prefix": "",
            "region": "ap-south-1",
            "subnet_ids": [
              "subnet-092201874604402f9",
              "subnet-0b26508bf7af5f40c"
            ],
            "supported_network_types": [
              "IPV4"
            ],
            "tags": {
              "Name": "3tier-Subnet-Group"
            },
            "tags_all": {
              "Name": "3tier-Subnet-Group"
            },
            "vpc_id": "vpc-0ea76a21578c6dd1d"
          },
          "sensitive_attributes": [],
          "identity_schema_version": 0,
          "private": "bnVsbA==",
          "dependencies": [
            "aws_subnet.db_1a",
            "aws_subnet.db_1b",
            "aws_vpc.main"
          ]
        }
      ]
    },
    {
      "mode": "managed",
      "type": "aws_eip",
      "name": "nat_eip",
      "provider": "provider[\"registry.terraform.io/hashicorp/aws\"]",
      "instances": [
        {
          "schema_version": 0,
          "attributes": {
            "address": null,
            "allocation_id": "eipalloc-0bb83a016d480a4f6",
            "arn": "arn:aws:ec2:ap-south-1:256600409744:elastic-ip/eipalloc-0bb83a016d480a4f6",
            "associate_with_private_ip": null,
            "association_id": "",
            "carrier_ip": "",
            "customer_owned_ip": "",
            "customer_owned_ipv4_pool": "",
            "domain": "vpc",
            "id": "eipalloc-0bb83a016d480a4f6",
            "instance": "",
            "ipam_pool_id": null,
            "network_border_group": "ap-south-1",
            "network_interface": "",
            "private_dns": null,
            "private_ip": "",
            "ptr_record": "",
            "public_dns": "ec2-3-7-124-42.ap-south-1.compute.amazonaws.com",
            "public_ip": "3.7.124.42",
            "public_ipv4_pool": "amazon",
            "region": "ap-south-1",
            "tags": {
              "Name": "3-tier-EIP"
            },
            "tags_all": {
              "Name": "3-tier-EIP"
            },
            "timeouts": null
          },
          "sensitive_attributes": [],
          "identity_schema_version": 0,
          "private": "eyJlMmJmYjczMC1lY2FhLTExZTYtOGY4OC0zNDM2M2JjN2M0YzAiOnsiZGVsZXRlIjoxODAwMDAwMDAwMDAsInJlYWQiOjkwMDAwMDAwMDAwMCwidXBkYXRlIjozMDAwMDAwMDAwMDB9fQ=="
        }
      ]
    },
    {
      "mode": "managed",
      "type": "aws_iam_instance_profile",
      "name": "ec2_profile",
      "provider": "provider[\"registry.terraform.io/hashicorp/aws\"]",
      "instances": [
        {
          "schema_version": 0,
          "attributes": {
            "arn": "arn:aws:iam::256600409744:instance-profile/3-tier-ec2-profile",
            "create_date": "2026-03-01T05:46:55Z",
            "id": "3-tier-ec2-profile",
            "name": "3-tier-ec2-profile",
            "name_prefix": "",
            "path": "/",
            "role": "3-tier-ec2-role",
            "tags": null,
            "tags_all": {},
            "unique_id": "AIPATXPUTQ2IAUT2YXCRK"
          },
          "sensitive_attributes": [],
          "identity_schema_version": 0,
          "private": "bnVsbA==",
          "dependencies": [
            "aws_iam_role.ec2_role"
          ]
        }
      ]
    },
    {
      "mode": "managed",
      "type": "aws_iam_role",
      "name": "codebuild_role",
      "provider": "provider[\"registry.terraform.io/hashicorp/aws\"]",
      "instances": [
        {
          "schema_version": 0,
          "attributes": {
            "arn": "arn:aws:iam::256600409744:role/3-tier-codebuild-role",
            "assume_role_policy": "{\"Statement\":[{\"Action\":\"sts:AssumeRole\",\"Effect\":\"Allow\",\"Principal\":{\"Service\":\"codebuild.amazonaws.com\"}}],\"Version\":\"2012-10-17\"}",
            "create_date": "2026-03-01T05:46:53Z",
            "description": "",
            "force_detach_policies": false,
            "id": "3-tier-codebuild-role",
            "inline_policy": [],
            "managed_policy_arns": [],
            "max_session_duration": 3600,
            "name": "3-tier-codebuild-role",
            "name_prefix": "",
            "path": "/",
            "permissions_boundary": "",
            "tags": null,
            "tags_all": {},
            "unique_id": "AROATXPUTQ2INMWBL2PEM"
          },
          "sensitive_attributes": [],
          "identity_schema_version": 0,
          "identity": {
            "account_id": "256600409744",
            "name": "3-tier-codebuild-role"
          },
          "private": "bnVsbA=="
        }
      ]
    },
    {
      "mode": "managed",
      "type": "aws_iam_role",
      "name": "codedeploy_role",
      "provider": "provider[\"registry.terraform.io/hashicorp/aws\"]",
      "instances": [
        {
          "schema_version": 0,
          "attributes": {
            "arn": "arn:aws:iam::256600409744:role/3-tier-codedeploy-role",
            "assume_role_policy": "{\"Statement\":[{\"Action\":\"sts:AssumeRole\",\"Effect\":\"Allow\",\"Principal\":{\"Service\":\"codedeploy.amazonaws.com\"}}],\"Version\":\"2012-10-17\"}",
            "create_date": "2026-03-01T05:46:53Z",
            "description": "",
            "force_detach_policies": false,
            "id": "3-tier-codedeploy-role",
            "inline_policy": [],
            "managed_policy_arns": [],
            "max_session_duration": 3600,
            "name": "3-tier-codedeploy-role",
            "name_prefix": "",
            "path": "/",
            "permissions_boundary": "",
            "tags": null,
            "tags_all": {},
            "unique_id": "AROATXPUTQ2IIKWFMFYDM"
          },
          "sensitive_attributes": [],
          "identity_schema_version": 0,
          "identity": {
            "account_id": "256600409744",
            "name": "3-tier-codedeploy-role"
          },
          "private": "bnVsbA=="
        }
      ]
    },
    {
      "mode": "managed",
      "type": "aws_iam_role",
      "name": "codepipeline_role",
      "provider": "provider[\"registry.terraform.io/hashicorp/aws\"]",
      "instances": [
        {
          "schema_version": 0,
          "attributes": {
            "arn": "arn:aws:iam::256600409744:role/3-tier-codepipeline-role",
            "assume_role_policy": "{\"Statement\":[{\"Action\":\"sts:AssumeRole\",\"Effect\":\"Allow\",\"Principal\":{\"Service\":\"codepipeline.amazonaws.com\"}}],\"Version\":\"2012-10-17\"}",
            "create_date": "2026-03-01T05:46:53Z",
            "description": "",
            "force_detach_policies": false,
            "id": "3-tier-codepipeline-role",
            "inline_policy": [],
            "managed_policy_arns": [],
            "max_session_duration": 3600,
            "name": "3-tier-codepipeline-role",
            "name_prefix": "",
            "path": "/",
            "permissions_boundary": "",
            "tags": null,
            "tags_all": {},
            "unique_id": "AROATXPUTQ2IM5HSMCPFZ"
          },
          "sensitive_attributes": [],
          "identity_schema_version": 0,
          "identity": {
            "account_id": "256600409744",
            "name": "3-tier-codepipeline-role"
          },
          "private": "bnVsbA=="
        }
      ]
    },
    {
      "mode": "managed",
      "type": "aws_iam_role",
      "name": "ec2_role",
      "provider": "provider[\"registry.terraform.io/hashicorp/aws\"]",
      "instances": [
        {
          "schema_version": 0,
          "attributes": {
            "arn": "arn:aws:iam::256600409744:role/3-tier-ec2-role",
            "assume_role_policy": "{\"Statement\":[{\"Action\":\"sts:AssumeRole\",\"Effect\":\"Allow\",\"Principal\":{\"Service\":\"ec2.amazonaws.com\"}}],\"Version\":\"2012-10-17\"}",
            "create_date": "2026-03-01T05:46:53Z",
            "description": "",
            "force_detach_policies": false,
            "id": "3-tier-ec2-role",
            "inline_policy": [],
            "managed_policy_arns": [],
            "max_session_duration": 3600,
            "name": "3-tier-ec2-role",
            "name_prefix": "",
            "path": "/",
            "permissions_boundary": "",
            "tags": null,
            "tags_all": {},
            "unique_id": "AROATXPUTQ2IIU5FZDEJD"
          },
          "sensitive_attributes": [],
          "identity_schema_version": 0,
          "identity": {
            "account_id": "256600409744",
            "name": "3-tier-ec2-role"
          },
          "private": "bnVsbA=="
        }
      ]
    },
    {
      "mode": "managed",
      "type": "aws_iam_role_policy_attachment",
      "name": "cb_admin",
      "provider": "provider[\"registry.terraform.io/hashicorp/aws\"]",
      "instances": [
        {
          "schema_version": 0,
          "attributes": {
            "id": "3-tier-codebuild-role/arn:aws:iam::aws:policy/AWSCodeBuildAdminAccess",
            "policy_arn": "arn:aws:iam::aws:policy/AWSCodeBuildAdminAccess",
            "role": "3-tier-codebuild-role"
          },
          "sensitive_attributes": [],
          "identity_schema_version": 0,
          "identity": {
            "account_id": "256600409744",
            "policy_arn": "arn:aws:iam::aws:policy/AWSCodeBuildAdminAccess",
            "role": "3-tier-codebuild-role"
          },
          "private": "bnVsbA==",
          "dependencies": [
            "aws_iam_role.codebuild_role"
          ]
        }
      ]
    },
    {
      "mode": "managed",
      "type": "aws_iam_role_policy_attachment",
      "name": "cb_logs",
      "provider": "provider[\"registry.terraform.io/hashicorp/aws\"]",
      "instances": [
        {
          "schema_version": 0,
          "attributes": {
            "id": "3-tier-codebuild-role/arn:aws:iam::aws:policy/CloudWatchLogsFullAccess",
            "policy_arn": "arn:aws:iam::aws:policy/CloudWatchLogsFullAccess",
            "role": "3-tier-codebuild-role"
          },
          "sensitive_attributes": [],
          "identity_schema_version": 0,
          "identity": {
            "account_id": "256600409744",
            "policy_arn": "arn:aws:iam::aws:policy/CloudWatchLogsFullAccess",
            "role": "3-tier-codebuild-role"
          },
          "private": "bnVsbA==",
          "dependencies": [
            "aws_iam_role.codebuild_role"
          ]
        }
      ]
    },
    {
      "mode": "managed",
      "type": "aws_iam_role_policy_attachment",
      "name": "cb_s3",
      "provider": "provider[\"registry.terraform.io/hashicorp/aws\"]",
      "instances": [
        {
          "schema_version": 0,
          "attributes": {
            "id": "3-tier-codebuild-role/arn:aws:iam::aws:policy/AmazonS3FullAccess",
            "policy_arn": "arn:aws:iam::aws:policy/AmazonS3FullAccess",
            "role": "3-tier-codebuild-role"
          },
          "sensitive_attributes": [],
          "identity_schema_version": 0,
          "identity": {
            "account_id": "256600409744",
            "policy_arn": "arn:aws:iam::aws:policy/AmazonS3FullAccess",
            "role": "3-tier-codebuild-role"
          },
          "private": "bnVsbA==",
          "dependencies": [
            "aws_iam_role.codebuild_role"
          ]
        }
      ]
    },
    {
      "mode": "managed",
      "type": "aws_iam_role_policy_attachment",
      "name": "cb_ssm",
      "provider": "provider[\"registry.terraform.io/hashicorp/aws\"]",
      "instances": [
        {
          "schema_version": 0,
          "attributes": {
            "id": "3-tier-codebuild-role/arn:aws:iam::aws:policy/AmazonSSMReadOnlyAccess",
            "policy_arn": "arn:aws:iam::aws:policy/AmazonSSMReadOnlyAccess",
            "role": "3-tier-codebuild-role"
          },
          "sensitive_attributes": [],
          "identity_schema_version": 0,
          "identity": {
            "account_id": "256600409744",
            "policy_arn": "arn:aws:iam::aws:policy/AmazonSSMReadOnlyAccess",
            "role": "3-tier-codebuild-role"
          },
          "private": "bnVsbA==",
          "dependencies": [
            "aws_iam_role.codebuild_role"
          ]
        }
      ]
    },
    {
      "mode": "managed",
      "type": "aws_iam_role_policy_attachment",
      "name": "cd_agent",
      "provider": "provider[\"registry.terraform.io/hashicorp/aws\"]",
      "instances": [
        {
          "schema_version": 0,
          "attributes": {
            "id": "3-tier-codedeploy-role/arn:aws:iam::aws:policy/CloudWatchAgentServerPolicy",
            "policy_arn": "arn:aws:iam::aws:policy/CloudWatchAgentServerPolicy",
            "role": "3-tier-codedeploy-role"
          },
          "sensitive_attributes": [],
          "identity_schema_version": 0,
          "identity": {
            "account_id": "256600409744",
            "policy_arn": "arn:aws:iam::aws:policy/CloudWatchAgentServerPolicy",
            "role": "3-tier-codedeploy-role"
          },
          "private": "bnVsbA==",
          "dependencies": [
            "aws_iam_role.codedeploy_role"
          ]
        }
      ]
    },
    {
      "mode": "managed",
      "type": "aws_iam_role_policy_attachment",
      "name": "cd_logs",
      "provider": "provider[\"registry.terraform.io/hashicorp/aws\"]",
      "instances": [
        {
          "schema_version": 0,
          "attributes": {
            "id": "3-tier-codedeploy-role/arn:aws:iam::aws:policy/CloudWatchLogsFullAccess",
            "policy_arn": "arn:aws:iam::aws:policy/CloudWatchLogsFullAccess",
            "role": "3-tier-codedeploy-role"
          },
          "sensitive_attributes": [],
          "identity_schema_version": 0,
          "identity": {
            "account_id": "256600409744",
            "policy_arn": "arn:aws:iam::aws:policy/CloudWatchLogsFullAccess",
            "role": "3-tier-codedeploy-role"
          },
          "private": "bnVsbA==",
          "dependencies": [
            "aws_iam_role.codedeploy_role"
          ]
        }
      ]
    },
    {
      "mode": "managed",
      "type": "aws_iam_role_policy_attachment",
      "name": "cd_role",
      "provider": "provider[\"registry.terraform.io/hashicorp/aws\"]",
      "instances": [
        {
          "schema_version": 0,
          "attributes": {
            "id": "3-tier-codedeploy-role/arn:aws:iam::aws:policy/service-role/AWSCodeDeployRole",
            "policy_arn": "arn:aws:iam::aws:policy/service-role/AWSCodeDeployRole",
            "role": "3-tier-codedeploy-role"
          },
          "sensitive_attributes": [],
          "identity_schema_version": 0,
          "identity": {
            "account_id": "256600409744",
            "policy_arn": "arn:aws:iam::aws:policy/service-role/AWSCodeDeployRole",
            "role": "3-tier-codedeploy-role"
          },
          "private": "bnVsbA==",
          "dependencies": [
            "aws_iam_role.codedeploy_role"
          ]
        }
      ]
    },
    {
      "mode": "managed",
      "type": "aws_iam_role_policy_attachment",
      "name": "cp_admin",
      "provider": "provider[\"registry.terraform.io/hashicorp/aws\"]",
      "instances": [
        {
          "schema_version": 0,
          "attributes": {
            "id": "3-tier-codepipeline-role/arn:aws:iam::aws:policy/AdministratorAccess",
            "policy_arn": "arn:aws:iam::aws:policy/AdministratorAccess",
            "role": "3-tier-codepipeline-role"
          },
          "sensitive_attributes": [],
          "identity_schema_version": 0,
          "identity": {
            "account_id": "256600409744",
            "policy_arn": "arn:aws:iam::aws:policy/AdministratorAccess",
            "role": "3-tier-codepipeline-role"
          },
          "private": "bnVsbA==",
          "dependencies": [
            "aws_iam_role.codepipeline_role"
          ]
        }
      ]
    },
    {
      "mode": "managed",
      "type": "aws_iam_role_policy_attachment",
      "name": "ec2_agent",
      "provider": "provider[\"registry.terraform.io/hashicorp/aws\"]",
      "instances": [
        {
          "schema_version": 0,
          "attributes": {
            "id": "3-tier-ec2-role/arn:aws:iam::aws:policy/CloudWatchAgentServerPolicy",
            "policy_arn": "arn:aws:iam::aws:policy/CloudWatchAgentServerPolicy",
            "role": "3-tier-ec2-role"
          },
          "sensitive_attributes": [],
          "identity_schema_version": 0,
          "identity": {
            "account_id": "256600409744",
            "policy_arn": "arn:aws:iam::aws:policy/CloudWatchAgentServerPolicy",
            "role": "3-tier-ec2-role"
          },
          "private": "bnVsbA==",
          "dependencies": [
            "aws_iam_role.ec2_role"
          ]
        }
      ]
    },
    {
      "mode": "managed",
      "type": "aws_iam_role_policy_attachment",
      "name": "ec2_codedeploy",
      "provider": "provider[\"registry.terraform.io/hashicorp/aws\"]",
      "instances": [
        {
          "schema_version": 0,
          "attributes": {
            "id": "3-tier-ec2-role/arn:aws:iam::aws:policy/service-role/AmazonEC2RoleforAWSCodeDeploy",
            "policy_arn": "arn:aws:iam::aws:policy/service-role/AmazonEC2RoleforAWSCodeDeploy",
            "role": "3-tier-ec2-role"
          },
          "sensitive_attributes": [],
          "identity_schema_version": 0,
          "identity": {
            "account_id": "256600409744",
            "policy_arn": "arn:aws:iam::aws:policy/service-role/AmazonEC2RoleforAWSCodeDeploy",
            "role": "3-tier-ec2-role"
          },
          "private": "bnVsbA==",
          "dependencies": [
            "aws_iam_role.ec2_role"
          ]
        }
      ]
    },
    {
      "mode": "managed",
      "type": "aws_iam_role_policy_attachment",
      "name": "ec2_logs",
      "provider": "provider[\"registry.terraform.io/hashicorp/aws\"]",
      "instances": [
        {
          "schema_version": 0,
          "attributes": {
            "id": "3-tier-ec2-role/arn:aws:iam::aws:policy/CloudWatchLogsFullAccess",
            "policy_arn": "arn:aws:iam::aws:policy/CloudWatchLogsFullAccess",
            "role": "3-tier-ec2-role"
          },
          "sensitive_attributes": [],
          "identity_schema_version": 0,
          "identity": {
            "account_id": "256600409744",
            "policy_arn": "arn:aws:iam::aws:policy/CloudWatchLogsFullAccess",
            "role": "3-tier-ec2-role"
          },
          "private": "bnVsbA==",
          "dependencies": [
            "aws_iam_role.ec2_role"
          ]
        }
      ]
    },
    {
      "mode": "managed",
      "type": "aws_instance",
      "name": "bastion",
      "provider": "provider[\"registry.terraform.io/hashicorp/aws\"]",
      "instances": [
        {
          "schema_version": 2,
          "attributes": {
            "ami": "ami-051a31ab2f4d498f5",
            "arn": "arn:aws:ec2:ap-south-1:256600409744:instance/i-041ec5a30d33d9105",
            "associate_public_ip_address": true,
            "availability_zone": "ap-south-1a",
            "capacity_reservation_specification": [
              {
                "capacity_reservation_preference": "open",
                "capacity_reservation_target": []
              }
            ],
            "cpu_options": [
              {
                "amd_sev_snp": "",
                "core_count": 1,
                "nested_virtualization": "",
                "threads_per_core": 2
              }
            ],
            "credit_specification": [
              {
                "cpu_credits": "unlimited"
              }
            ],
            "disable_api_stop": false,
            "disable_api_termination": false,
            "ebs_block_device": [],
            "ebs_optimized": false,
            "enable_primary_ipv6": null,
            "enclave_options": [
              {
                "enabled": false
              }
            ],
            "ephemeral_block_device": [],
            "force_destroy": false,
            "get_password_data": false,
            "hibernation": false,
            "host_id": "",
            "host_resource_group_arn": null,
            "iam_instance_profile": "",
            "id": "i-041ec5a30d33d9105",
            "instance_initiated_shutdown_behavior": "stop",
            "instance_lifecycle": "",
            "instance_market_options": [],
            "instance_state": "running",
            "instance_type": "t3.micro",
            "ipv6_address_count": 0,
            "ipv6_addresses": [],
            "key_name": "akshay1",
            "launch_template": [],
            "maintenance_options": [
              {
                "auto_recovery": "default"
              }
            ],
            "metadata_options": [
              {
                "http_endpoint": "enabled",
                "http_protocol_ipv6": "disabled",
                "http_put_response_hop_limit": 2,
                "http_tokens": "required",
                "instance_metadata_tags": "disabled"
              }
            ],
            "monitoring": false,
            "network_interface": [],
            "outpost_arn": "",
            "password_data": "",
            "placement_group": "",
            "placement_group_id": "",
            "placement_partition_number": 0,
            "primary_network_interface": [
              {
                "delete_on_termination": true,
                "network_interface_id": "eni-028aff2cfa863d558"
              }
            ],
            "primary_network_interface_id": "eni-028aff2cfa863d558",
            "private_dns": "ip-192-168-1-187.ap-south-1.compute.internal",
            "private_dns_name_options": [
              {
                "enable_resource_name_dns_a_record": false,
                "enable_resource_name_dns_aaaa_record": false,
                "hostname_type": "ip-name"
              }
            ],
            "private_ip": "192.168.1.187",
            "public_dns": "ec2-13-233-250-143.ap-south-1.compute.amazonaws.com",
            "public_ip": "13.233.250.143",
            "region": "ap-south-1",
            "root_block_device": [
              {
                "delete_on_termination": true,
                "device_name": "/dev/xvda",
                "encrypted": false,
                "iops": 3000,
                "kms_key_id": "",
                "tags": {},
                "tags_all": {},
                "throughput": 125,
                "volume_id": "vol-0c6aad60eaac961e2",
                "volume_size": 8,
                "volume_type": "gp3"
              }
            ],
            "secondary_network_interface": [],
            "secondary_private_ips": [],
            "security_groups": [],
            "source_dest_check": true,
            "spot_instance_request_id": "",
            "subnet_id": "subnet-0d8655fec1050e0db",
            "tags": {
              "Name": "bastion-host"
            },
            "tags_all": {
              "Name": "bastion-host"
            },
            "tenancy": "default",
            "timeouts": null,
            "user_data": null,
            "user_data_base64": null,
            "user_data_replace_on_change": false,
            "volume_tags": null,
            "vpc_security_group_ids": [
              "sg-03f0cce0881511d75"
            ]
          },
          "sensitive_attributes": [],
          "identity_schema_version": 0,
          "identity": {
            "account_id": "256600409744",
            "id": "i-041ec5a30d33d9105",
            "region": "ap-south-1"
          },
          "private": "eyJlMmJmYjczMC1lY2FhLTExZTYtOGY4OC0zNDM2M2JjN2M0YzAiOnsiY3JlYXRlIjo2MDAwMDAwMDAwMDAsImRlbGV0ZSI6MTIwMDAwMDAwMDAwMCwicmVhZCI6OTAwMDAwMDAwMDAwLCJ1cGRhdGUiOjYwMDAwMDAwMDAwMH0sInNjaGVtYV92ZXJzaW9uIjoiMiJ9",
          "dependencies": [
            "aws_security_group.bastion_sg",
            "aws_subnet.public_1a",
            "aws_vpc.main"
          ]
        }
      ]
    },
    {
      "mode": "managed",
      "type": "aws_internet_gateway",
      "name": "three_tier_igw",
      "provider": "provider[\"registry.terraform.io/hashicorp/aws\"]",
      "instances": [
        {
          "schema_version": 0,
          "attributes": {
            "arn": "arn:aws:ec2:ap-south-1:256600409744:internet-gateway/igw-0f468f6aa8413103f",
            "id": "igw-0f468f6aa8413103f",
            "owner_id": "256600409744",
            "region": "ap-south-1",
            "tags": {
              "Name": "3-tier-project-IGW"
            },
            "tags_all": {
              "Name": "3-tier-project-IGW"
            },
            "timeouts": null,
            "vpc_id": "vpc-0ea76a21578c6dd1d"
          },
          "sensitive_attributes": [],
          "identity_schema_version": 0,
          "private": "eyJlMmJmYjczMC1lY2FhLTExZTYtOGY4OC0zNDM2M2JjN2M0YzAiOnsiY3JlYXRlIjoxMjAwMDAwMDAwMDAwLCJkZWxldGUiOjEyMDAwMDAwMDAwMDAsInVwZGF0ZSI6MTIwMDAwMDAwMDAwMH19",
          "dependencies": [
            "aws_vpc.main"
          ]
        }
      ]
    },
    {
      "mode": "managed",
      "type": "aws_launch_template",
      "name": "application_tier_lt",
      "provider": "provider[\"registry.terraform.io/hashicorp/aws\"]",
      "instances": [
        {
          "schema_version": 1,
          "attributes": {
            "arn": "arn:aws:ec2:ap-south-1:256600409744:launch-template/lt-0d704ee3f78ddd03b",
            "block_device_mappings": [],
            "capacity_reservation_specification": [],
            "cpu_options": [],
            "credit_specification": [],
            "default_version": 1,
            "description": "",
            "disable_api_stop": false,
            "disable_api_termination": false,
            "ebs_optimized": "",
            "enclave_options": [],
            "hibernation_options": [],
            "iam_instance_profile": [
              {
                "arn": "",
                "name": "3-tier-ec2-profile"
              }
            ],
            "id": "lt-0d704ee3f78ddd03b",
            "image_id": "ami-051a31ab2f4d498f5",
            "instance_initiated_shutdown_behavior": "",
            "instance_market_options": [],
            "instance_requirements": [],
            "instance_type": "t3.micro",
            "kernel_id": "",
            "key_name": "akshay1",
            "latest_version": 1,
            "license_specification": [],
            "maintenance_options": [],
            "metadata_options": [],
            "monitoring": [
              {
                "enabled": true
              }
            ],
            "name": "application-tier-LT",
            "name_prefix": "",
            "network_interfaces": [],
            "network_performance_options": [],
            "placement": [],
            "private_dns_name_options": [],
            "ram_disk_id": "",
            "region": "ap-south-1",
            "secondary_interfaces": [],
            "security_group_names": null,
            "tag_specifications": [
              {
                "resource_type": "instance",
                "tags": {
                  "Name": "application-tier-instance"
                }
              }
            ],
            "tags": null,
            "tags_all": {},
            "update_default_version": null,
            "user_data": "IyEvYmluL2Jhc2ggCiMgVXBkYXRlIHBhY2thZ2UgbGlzdCBhbmQgaW5zdGFsbCByZXF1aXJlZCBwYWNrYWdlcyAKc3VkbyB5dW0gdXBkYXRlIC15CgojIEluc3RhbGwgTm9kZS5qcwpjdXJsIC1mc1NMIGh0dHBzOi8vcnBtLm5vZGVzb3VyY2UuY29tL3NldHVwXzIwLnggfCBzdWRvIGJhc2ggLSAKc3VkbyB5dW0gaW5zdGFsbCAteSBub2RlanMgCgojIEluc3RhbGwgUE0yIGdsb2JhbGx5IApzdWRvIG5wbSBpbnN0YWxsIC1nIHBtMiAKCiMgRGVmaW5lIHRoZSBsb2cgZGlyZWN0b3J5IGFuZCBlbnN1cmUgaXQgZXhpc3RzIApMT0dfRElSPSIvdmFyL2xvZy9yZWFjdC1ub2RlLW15c3FsLWFwcC9iYWNrZW5kIiAKbWtkaXIgLXAgJExPR19ESVIgCnN1ZG8gY2hvd24gLVIgcm9vdDpyb290ICRMT0dfRElSCgojIENyZWF0ZSB0aGUgY29tYmluZWQubG9nIGZpbGUKc3VkbyB0b3VjaCAkTE9HX0RJUi9jb21iaW5lZC5sb2cKc3VkbyBjaG93biByb290OnJvb3QgJExPR19ESVIvY29tYmluZWQubG9nICAjIFNldCBvd25lcnNoaXAgdG8gcm9vdAoKIyBDcmVhdGUgdGhlIGVycm9yLmxvZyBmaWxlCnN1ZG8gdG91Y2ggJExPR19ESVIvZXJyb3IubG9nCnN1ZG8gY2hvd24gcm9vdDpyb290ICRMT0dfRElSL2Vycm9yLmxvZyAgIyBTZXQgb3duZXJzaGlwIHRvIHJvb3QKCiMgRW5zdXJlIFBNMiByZXN0YXJ0cyBvbiByZWJvb3QgYXMgcm9vdApzdWRvIC11IHJvb3QgcG0yIHN0YXJ0dXAgc3lzdGVtZCAKc3VkbyAtdSByb290IHBtMiBzYXZlIAoKIyBJbnN0YWxsIENsb3VkV2F0Y2ggYWdlbnQKc3VkbyB5dW0gaW5zdGFsbCAteSBhbWF6b24tY2xvdWR3YXRjaC1hZ2VudAoKIyBDcmVhdGUgQ2xvdWRXYXRjaCBhZ2VudCBjb25maWd1cmF0aW9uCnN1ZG8gdGVlIC9vcHQvYXdzL2FtYXpvbi1jbG91ZHdhdGNoLWFnZW50L2V0Yy9hbWF6b24tY2xvdWR3YXRjaC1hZ2VudC5qc29uID4gL2Rldi9udWxsIDw8RU9MCnsKICAibG9ncyI6IHsKICAgICJsb2dzX2NvbGxlY3RlZCI6IHsKICAgICAgImZpbGVzIjogewogICAgICAgICJjb2xsZWN0X2xpc3QiOiBbCiAgICAgICAgICB7CiAgICAgICAgICAgICJmaWxlX3BhdGgiOiAiL3Zhci9sb2cvcmVhY3Qtbm9kZS1teXNxbC1hcHAvYmFja2VuZC9jb21iaW5lZC5sb2ciLAogICAgICAgICAgICAibG9nX2dyb3VwX25hbWUiOiAibm9kZS1hcHAtbG9ncy1iYWNrZW5kIiwKICAgICAgICAgICAgImxvZ19zdHJlYW1fbmFtZSI6ICJ7aW5zdGFuY2VfaWR9LWNvbWJpbmVkLWxvZyIsCiAgICAgICAgICAgICJ0aW1lc3RhbXBfZm9ybWF0IjogIiVZLSVtLSVkICVIOiVNOiVTIgogICAgICAgICAgfSwKICAgICAgICAgIHsKICAgICAgICAgICAgImZpbGVfcGF0aCI6ICIvdmFyL2xvZy9yZWFjdC1ub2RlLW15c3FsLWFwcC9iYWNrZW5kL2Vycm9yLmxvZyIsCiAgICAgICAgICAgICJsb2dfZ3JvdXBfbmFtZSI6ICJub2RlLWFwcC1sb2dzLWJhY2tlbmQiLAogICAgICAgICAgICAibG9nX3N0cmVhbV9uYW1lIjogIntpbnN0YW5jZV9pZH0tZXJyb3ItbG9nIiwKICAgICAgICAgICAgInRpbWVzdGFtcF9mb3JtYXQiOiAiJVktJW0tJWQgJUg6JU06JVMiCiAgICAgICAgICB9LAogICAgICAgICAgewogICAgICAgICAgICAiZmlsZV9wYXRoIjogIi92YXIvbG9nL2F3cy9jb2RlZGVwbG95LWFnZW50L2NvZGVkZXBsb3ktYWdlbnQubG9nIiwKICAgICAgICAgICAgImxvZ19ncm91cF9uYW1lIjogImNvZGVkZXBsb3ktYWdlbnQtbG9ncy1iYWNrZW5kIiwKICAgICAgICAgICAgImxvZ19zdHJlYW1fbmFtZSI6ICJ7aW5zdGFuY2VfaWR9LWFnZW50LWxvZyIKICAgICAgICAgIH0sCiAgICAgICAgICB7CiAgICAgICAgICAgICJmaWxlX3BhdGgiOiAiL29wdC9jb2RlZGVwbG95LWFnZW50L2RlcGxveW1lbnQtcm9vdC9kZXBsb3ltZW50LWxvZ3MvY29kZWRlcGxveS1hZ2VudC1kZXBsb3ltZW50cy5sb2ciLAogICAgICAgICAgICAibG9nX2dyb3VwX25hbWUiOiAiY29kZWRlcGxveS1hZ2VudC1sb2dzLWJhY2tlbmQiLAogICAgICAgICAgICAibG9nX3N0cmVhbV9uYW1lIjogIntpbnN0YW5jZV9pZH0tY29kZWRlcGxveS1hZ2VudC1kZXBsb3ltZW50LWxvZyIKICAgICAgICAgIH0sCiAgICAgICAgICB7CiAgICAgICAgICAgICJmaWxlX3BhdGgiOiAiL3RtcC9jb2RlZGVwbG95LWFnZW50LnVwZGF0ZS5sb2ciLAogICAgICAgICAgICAibG9nX2dyb3VwX25hbWUiOiAiY29kZWRlcGxveS1hZ2VudC1sb2dzLWJhY2tlbmQiLAogICAgICAgICAgICAibG9nX3N0cmVhbV9uYW1lIjogIntpbnN0YW5jZV9pZH0tY29kZWRlcGxveS1hZ2VudC11cGRhdGVyLWxvZyIKICAgICAgICAgIH0KICAgICAgICBdCiAgICAgIH0KICAgIH0KICB9Cn0KRU9MCgojIFN0YXJ0IENsb3VkV2F0Y2ggYWdlbnQKc3VkbyAvb3B0L2F3cy9hbWF6b24tY2xvdWR3YXRjaC1hZ2VudC9iaW4vYW1hem9uLWNsb3Vkd2F0Y2gtYWdlbnQtY3RsIC1hIGZldGNoLWNvbmZpZyAtbSBlYzIgLWMgZmlsZTovb3B0L2F3cy9hbWF6b24tY2xvdWR3YXRjaC1hZ2VudC9ldGMvYW1hem9uLWNsb3Vkd2F0Y2gtYWdlbnQuanNvbiAtcwoKIyBJbnN0YWxsIGNvZGUgZGVwbG95IGFnZW50CnN1ZG8geXVtIGluc3RhbGwgcnVieSAteQpzdWRvIHl1bSBpbnN0YWxsIHdnZXQgLXkKY2QgL2hvbWUvZWMyLXVzZXIKd2dldCBodHRwczovL2F3cy1jb2RlZGVwbG95LXVzLWVhc3QtMS5zMy51cy1lYXN0LTEuYW1hem9uYXdzLmNvbS9sYXRlc3QvaW5zdGFsbApjaG1vZCAreCAuL2luc3RhbGwKc3VkbyAuL2luc3RhbGwgYXV0bwpzdWRvIHN5c3RlbWN0bCBzdGFydCBjb2RlZGVwbG95LWFnZW50",
            "vpc_security_group_ids": [
              "sg-0982c7c9720006540"
            ]
          },
          "sensitive_attributes": [],
          "identity_schema_version": 0,
          "private": "eyJzY2hlbWFfdmVyc2lvbiI6IjEifQ==",
          "dependencies": [
            "aws_iam_instance_profile.ec2_profile",
            "aws_iam_role.ec2_role",
            "aws_security_group.app_alb_sg",
            "aws_security_group.app_sg",
            "aws_security_group.bastion_sg",
            "aws_security_group.web_alb_sg",
            "aws_security_group.web_sg",
            "aws_vpc.main"
          ]
        }
      ]
    },
    {
      "mode": "managed",
      "type": "aws_launch_template",
      "name": "web_tier_lt",
      "provider": "provider[\"registry.terraform.io/hashicorp/aws\"]",
      "instances": [
        {
          "schema_version": 1,
          "attributes": {
            "arn": "arn:aws:ec2:ap-south-1:256600409744:launch-template/lt-077b72f7fe93265df",
            "block_device_mappings": [],
            "capacity_reservation_specification": [],
            "cpu_options": [],
            "credit_specification": [],
            "default_version": 1,
            "description": "",
            "disable_api_stop": false,
            "disable_api_termination": false,
            "ebs_optimized": "",
            "enclave_options": [],
            "hibernation_options": [],
            "iam_instance_profile": [
              {
                "arn": "",
                "name": "3-tier-ec2-profile"
              }
            ],
            "id": "lt-077b72f7fe93265df",
            "image_id": "ami-051a31ab2f4d498f5",
            "instance_initiated_shutdown_behavior": "",
            "instance_market_options": [],
            "instance_requirements": [],
            "instance_type": "t3.micro",
            "kernel_id": "",
            "key_name": "akshay1",
            "latest_version": 1,
            "license_specification": [],
            "maintenance_options": [],
            "metadata_options": [],
            "monitoring": [
              {
                "enabled": true
              }
            ],
            "name": "web-tier-LT",
            "name_prefix": "",
            "network_interfaces": [],
            "network_performance_options": [],
            "placement": [],
            "private_dns_name_options": [],
            "ram_disk_id": "",
            "region": "ap-south-1",
            "secondary_interfaces": [],
            "security_group_names": null,
            "tag_specifications": [
              {
                "resource_type": "instance",
                "tags": {
                  "Name": "web-tier-instance"
                }
              }
            ],
            "tags": null,
            "tags_all": {},
            "update_default_version": null,
            "user_data": "IyEvYmluL2Jhc2gKIyBVcGRhdGUgcGFja2FnZSBsaXN0IGFuZCBpbnN0YWxsIHJlcXVpcmVkIHBhY2thZ2VzCnN1ZG8geXVtIHVwZGF0ZSAteQoKIyBJbnN0YWxsIE5HSU5YCnN1ZG8geXVtIGluc3RhbGwgLXkgbmdpbngKCiMgU3RhcnQgYW5kIGVuYWJsZSBOR0lOWApzdWRvIHN5c3RlbWN0bCBzdGFydCBuZ2lueApzdWRvIHN5c3RlbWN0bCBlbmFibGUgbmdpbngKCiMgRGVmaW5lIHZhcmlhYmxlcwpBUFBfVElFUl9BTEJfVVJMPSJodHRwOi8vaW50ZXJuYWwtYXBwLWludGVybmFsLWFsYi05Mjg5OTg4MzUuYXAtc291dGgtMS5lbGIuYW1hem9uYXdzLmNvbSIKTkdJTlhfQ09ORj0iL2V0Yy9uZ2lueC9uZ2lueC5jb25mIgojIFNFUlZFUl9OQU1FPSJwcm9qZWN0LnJleWF6YXdzdHJhaW5lci5jb20iCgojIEJhY2t1cCBleGlzdGluZyBOR0lOWCBjb25maWd1cmF0aW9uCnN1ZG8gY3AgJE5HSU5YX0NPTkYgL2V0Yy9uZ2lueC9uZ2lueC5jb25mLmJhawoKIyBXcml0ZSBuZXcgTkdJTlggY29uZmlndXJhdGlvbgpzdWRvIHRlZSAkTkdJTlhfQ09ORiA+IC9kZXYvbnVsbCA8PEVPTAp1c2VyIG5naW54Owp3b3JrZXJfcHJvY2Vzc2VzIGF1dG87CgplcnJvcl9sb2cgL3Zhci9sb2cvbmdpbngvZXJyb3IubG9nIHdhcm47CnBpZCAvcnVuL25naW54LnBpZDsKCmV2ZW50cyB7CiAgICB3b3JrZXJfY29ubmVjdGlvbnMgMTAyNDsKfQoKaHR0cCB7CiAgICBpbmNsdWRlIC9ldGMvbmdpbngvbWltZS50eXBlczsKICAgIGRlZmF1bHRfdHlwZSBhcHBsaWNhdGlvbi9vY3RldC1zdHJlYW07CgogICAgbG9nX2Zvcm1hdCBtYWluICdcJHJlbW90ZV9hZGRyIC0gXCRyZW1vdGVfdXNlciBbXCR0aW1lX2xvY2FsXSAiXCRyZXF1ZXN0IiAnCiAgICAgICAgICAgICAgICAgICAgJ1wkc3RhdHVzIFwkYm9keV9ieXRlc19zZW50ICJcJGh0dHBfcmVmZXJlciIgJwogICAgICAgICAgICAgICAgICAgICciXCRodHRwX3VzZXJfYWdlbnQiICJcJGh0dHBfeF9mb3J3YXJkZWRfZm9yIic7CgogICAgYWNjZXNzX2xvZyAvdmFyL2xvZy9uZ2lueC9hY2Nlc3MubG9nIG1haW47CgogICAgc2VuZGZpbGUgb247CiAgICB0Y3Bfbm9wdXNoIG9uOwogICAgdGNwX25vZGVsYXkgb247CiAgICBrZWVwYWxpdmVfdGltZW91dCA2NTsKICAgIHR5cGVzX2hhc2hfbWF4X3NpemUgMjA0ODsKCiAgICBpbmNsdWRlIC9ldGMvbmdpbngvY29uZi5kLyouY29uZjsKfQpFT0wKCiMgQ3JlYXRlIGEgc2VwYXJhdGUgTkdJTlggY29uZmlndXJhdGlvbiBmaWxlCnN1ZG8gdGVlIC9ldGMvbmdpbngvY29uZi5kL3ByZXNlbnRhdGlvbi10aWVyLmNvbmYgPiAvZGV2L251bGwgPDxFT0wKc2VydmVyIHsKICAgIGxpc3RlbiA4MDsKICAgIAogICAgcm9vdCAvdXNyL3NoYXJlL25naW54L2h0bWw7CiAgICBpbmRleCBpbmRleC5odG1sIGluZGV4Lmh0bTsKCiAgICAjaGVhbHRoIGNoZWNrCiAgICBsb2NhdGlvbiAvaGVhbHRoIHsKICAgICAgICBkZWZhdWx0X3R5cGUgdGV4dC9odG1sOwogICAgICAgIHJldHVybiAyMDAgIjwhRE9DVFlQRSBodG1sPjxwPkhlYWx0aCBjaGVjayBlbmRwb2ludDwvcD5cbiI7CiAgICB9CgogICAgbG9jYXRpb24gLyB7CiAgICAgICAgdHJ5X2ZpbGVzIFwkdXJpIC9pbmRleC5odG1sOwogICAgfQoKICAgIGxvY2F0aW9uIC9hcGkvIHsKICAgICAgICBwcm94eV9wYXNzICRBUFBfVElFUl9BTEJfVVJMOwogICAgICAgIHByb3h5X3NldF9oZWFkZXIgSG9zdCBcJGhvc3Q7CiAgICAgICAgcHJveHlfc2V0X2hlYWRlciBYLVJlYWwtSVAgXCRyZW1vdGVfYWRkcjsKICAgICAgICBwcm94eV9zZXRfaGVhZGVyIFgtRm9yd2FyZGVkLUZvciBcJHByb3h5X2FkZF94X2ZvcndhcmRlZF9mb3I7CiAgICAgICAgcHJveHlfc2V0X2hlYWRlciBYLUZvcndhcmRlZC1Qcm90byBcJHNjaGVtZTsKICAgIH0KfQpFT0wKCgojIFJlc3RhcnQgTkdJTlggdG8gYXBwbHkgdGhlIG5ldyBjb25maWd1cmF0aW9uCnN1ZG8gc3lzdGVtY3RsIHJlc3RhcnQgbmdpbngKCiMgSW5zdGFsbCBDbG91ZFdhdGNoIGFnZW50CnN1ZG8geXVtIGluc3RhbGwgLXkgYW1hem9uLWNsb3Vkd2F0Y2gtYWdlbnQKCiMgQ3JlYXRlIENsb3VkV2F0Y2ggYWdlbnQgY29uZmlndXJhdGlvbgpzdWRvIHRlZSAvb3B0L2F3cy9hbWF6b24tY2xvdWR3YXRjaC1hZ2VudC9ldGMvYW1hem9uLWNsb3Vkd2F0Y2gtYWdlbnQuanNvbiA+IC9kZXYvbnVsbCA8PEVPTAp7CiAgImxvZ3MiOiB7CiAgICAibG9nc19jb2xsZWN0ZWQiOiB7CiAgICAgICJmaWxlcyI6IHsKICAgICAgICAiY29sbGVjdF9saXN0IjogWwogICAgICAgICB7CiAgICAgICAgICAgICJmaWxlX3BhdGgiOiAiL3Zhci9sb2cvbmdpbngvYWNjZXNzLmxvZyIsCiAgICAgICAgICAgICJsb2dfZ3JvdXBfbmFtZSI6ICJuZ2lueC1sb2dzLWZyb250ZW5kIiwKICAgICAgICAgICAgImxvZ19zdHJlYW1fbmFtZSI6ICJ7aW5zdGFuY2VfaWR9LW5naW54LWFjY2VzcyIsCiAgICAgICAgICAgICJ0aW1lc3RhbXBfZm9ybWF0IjogIiViICVkICVIOiVNOiVTIgogICAgICAgICAgfSwKICAgICAgICAgIHsKICAgICAgICAgICAgImZpbGVfcGF0aCI6ICIvdmFyL2xvZy9uZ2lueC9lcnJvci5sb2ciLAogICAgICAgICAgICAibG9nX2dyb3VwX25hbWUiOiAibmdpbngtbG9ncy1mcm9udGVuZCIsCiAgICAgICAgICAgICJsb2dfc3RyZWFtX25hbWUiOiAie2luc3RhbmNlX2lkfS1uZ2lueC1lcnJvciIsCiAgICAgICAgICAgICJ0aW1lc3RhbXBfZm9ybWF0IjogIiViICVkICVIOiVNOiVTIgogICAgICAgICAgfSwKICAgICAgICAgIHsKICAgICAgICAgICAgImZpbGVfcGF0aCI6ICIvdmFyL2xvZy9hd3MvY29kZWRlcGxveS1hZ2VudC9jb2RlZGVwbG95LWFnZW50LmxvZyIsCiAgICAgICAgICAgICJsb2dfZ3JvdXBfbmFtZSI6ICJjb2RlZGVwbG95LWFnZW50LWxvZ3MtZnJvbnRlbmQiLAogICAgICAgICAgICAibG9nX3N0cmVhbV9uYW1lIjogIntpbnN0YW5jZV9pZH0tYWdlbnQtbG9nIgogICAgICAgICAgfSwKICAgICAgICAgIHsKICAgICAgICAgICAgImZpbGVfcGF0aCI6ICIvb3B0L2NvZGVkZXBsb3ktYWdlbnQvZGVwbG95bWVudC1yb290L2RlcGxveW1lbnQtbG9ncy9jb2RlZGVwbG95LWFnZW50LWRlcGxveW1lbnRzLmxvZyIsCiAgICAgICAgICAgICJsb2dfZ3JvdXBfbmFtZSI6ICJjb2RlZGVwbG95LWFnZW50LWxvZ3MtZnJvbnRlbmQiLAogICAgICAgICAgICAibG9nX3N0cmVhbV9uYW1lIjogIntpbnN0YW5jZV9pZH0tY29kZWRlcGxveS1hZ2VudC1kZXBsb3ltZW50LWxvZyIKICAgICAgICAgIH0sCiAgICAgICAgICB7CiAgICAgICAgICAgICJmaWxlX3BhdGgiOiAiL3RtcC9jb2RlZGVwbG95LWFnZW50LnVwZGF0ZS5sb2ciLAogICAgICAgICAgICAibG9nX2dyb3VwX25hbWUiOiAiY29kZWRlcGxveS1hZ2VudC1sb2dzLWZyb250ZW5kIiwKICAgICAgICAgICAgImxvZ19zdHJlYW1fbmFtZSI6ICJ7aW5zdGFuY2VfaWR9LWNvZGVkZXBsb3ktYWdlbnQtdXBkYXRlci1sb2ciCiAgICAgICAgICB9CiAgICAgICAgXQogICAgICB9CiAgICB9CiAgfQp9CkVPTAoKIyBTdGFydCBDbG91ZFdhdGNoIGFnZW50CnN1ZG8gL29wdC9hd3MvYW1hem9uLWNsb3Vkd2F0Y2gtYWdlbnQvYmluL2FtYXpvbi1jbG91ZHdhdGNoLWFnZW50LWN0bCAtYSBmZXRjaC1jb25maWcgLW0gZWMyIC1jIGZpbGU6L29wdC9hd3MvYW1hem9uLWNsb3Vkd2F0Y2gtYWdlbnQvZXRjL2FtYXpvbi1jbG91ZHdhdGNoLWFnZW50Lmpzb24gLXMKCiMgSW5zdGFsbCBjb2RlIGRlcGxveSBhZ2VudApzdWRvIHl1bSBpbnN0YWxsIHJ1YnkgLXkKc3VkbyB5dW0gaW5zdGFsbCB3Z2V0IC15CmNkIC9ob21lL2VjMi11c2VyCndnZXQgaHR0cHM6Ly9hd3MtY29kZWRlcGxveS0ke1JFR0lPTn0uczMuJHtSRUdJT059LmFtYXpvbmF3cy5jb20vbGF0ZXN0L2luc3RhbGwKY2htb2QgK3ggLi9pbnN0YWxsCnN1ZG8gLi9pbnN0YWxsIGF1dG8Kc3VkbyBzeXN0ZW1jdGwgc3RhcnQgY29kZWRlcGxveS1hZ2VudA==",
            "vpc_security_group_ids": [
              "sg-0e2da9e57e07ed8d3"
            ]
          },
          "sensitive_attributes": [],
          "identity_schema_version": 0,
          "private": "eyJzY2hlbWFfdmVyc2lvbiI6IjEifQ==",
          "dependencies": [
            "aws_iam_instance_profile.ec2_profile",
            "aws_iam_role.ec2_role",
            "aws_lb.app_alb",
            "aws_security_group.app_alb_sg",
            "aws_security_group.bastion_sg",
            "aws_security_group.web_alb_sg",
            "aws_security_group.web_sg",
            "aws_subnet.app_1a",
            "aws_subnet.app_1b",
            "aws_vpc.main"
          ]
        }
      ]
    },
    {
      "mode": "managed",
      "type": "aws_lb",
      "name": "app_alb",
      "provider": "provider[\"registry.terraform.io/hashicorp/aws\"]",
      "instances": [
        {
          "schema_version": 0,
          "attributes": {
            "access_logs": [
              {
                "bucket": "",
                "enabled": false,
                "prefix": ""
              }
            ],
            "arn": "arn:aws:elasticloadbalancing:ap-south-1:256600409744:loadbalancer/app/app-internal-alb/8d16c183edb084ee",
            "arn_suffix": "app/app-internal-alb/8d16c183edb084ee",
            "client_keep_alive": 3600,
            "connection_logs": [
              {
                "bucket": "",
                "enabled": false,
                "prefix": ""
              }
            ],
            "customer_owned_ipv4_pool": "",
            "desync_mitigation_mode": "defensive",
            "dns_name": "internal-app-internal-alb-928998835.ap-south-1.elb.amazonaws.com",
            "dns_record_client_routing_policy": null,
            "drop_invalid_header_fields": false,
            "enable_cross_zone_load_balancing": true,
            "enable_deletion_protection": false,
            "enable_http2": true,
            "enable_tls_version_and_cipher_suite_headers": false,
            "enable_waf_fail_open": false,
            "enable_xff_client_port": false,
            "enable_zonal_shift": false,
            "enforce_security_group_inbound_rules_on_private_link_traffic": "",
            "health_check_logs": [
              {
                "bucket": "",
                "enabled": false,
                "prefix": ""
              }
            ],
            "id": "arn:aws:elasticloadbalancing:ap-south-1:256600409744:loadbalancer/app/app-internal-alb/8d16c183edb084ee",
            "idle_timeout": 60,
            "internal": true,
            "ip_address_type": "ipv4",
            "ipam_pools": [],
            "load_balancer_type": "application",
            "minimum_load_balancer_capacity": [],
            "name": "app-internal-alb",
            "name_prefix": "",
            "preserve_host_header": false,
            "region": "ap-south-1",
            "secondary_ips_auto_assigned_per_subnet": null,
            "security_groups": [
              "sg-0073dcd30c42608a2"
            ],
            "subnet_mapping": [
              {
                "allocation_id": "",
                "ipv6_address": "",
                "outpost_id": "",
                "private_ipv4_address": "",
                "subnet_id": "subnet-0c00aa5c05b9ffe33"
              },
              {
                "allocation_id": "",
                "ipv6_address": "",
                "outpost_id": "",
                "private_ipv4_address": "",
                "subnet_id": "subnet-0d639b3542f1560fa"
              }
            ],
            "subnets": [
              "subnet-0c00aa5c05b9ffe33",
              "subnet-0d639b3542f1560fa"
            ],
            "tags": null,
            "tags_all": {},
            "timeouts": null,
            "vpc_id": "vpc-0ea76a21578c6dd1d",
            "xff_header_processing_mode": "append",
            "zone_id": "ZP97RAFLXTNZK"
          },
          "sensitive_attributes": [],
          "identity_schema_version": 0,
          "identity": {
            "arn": "arn:aws:elasticloadbalancing:ap-south-1:256600409744:loadbalancer/app/app-internal-alb/8d16c183edb084ee"
          },
          "private": "eyJlMmJmYjczMC1lY2FhLTExZTYtOGY4OC0zNDM2M2JjN2M0YzAiOnsiY3JlYXRlIjo2MDAwMDAwMDAwMDAsImRlbGV0ZSI6NjAwMDAwMDAwMDAwLCJ1cGRhdGUiOjYwMDAwMDAwMDAwMH19",
          "dependencies": [
            "aws_security_group.app_alb_sg",
            "aws_security_group.bastion_sg",
            "aws_security_group.web_alb_sg",
            "aws_security_group.web_sg",
            "aws_subnet.app_1a",
            "aws_subnet.app_1b",
            "aws_vpc.main"
          ]
        }
      ]
    },
    {
      "mode": "managed",
      "type": "aws_lb",
      "name": "web_alb",
      "provider": "provider[\"registry.terraform.io/hashicorp/aws\"]",
      "instances": [
        {
          "schema_version": 0,
          "attributes": {
            "access_logs": [
              {
                "bucket": "",
                "enabled": false,
                "prefix": ""
              }
            ],
            "arn": "arn:aws:elasticloadbalancing:ap-south-1:256600409744:loadbalancer/app/web-external-alb/9266c78a99b9b30c",
            "arn_suffix": "app/web-external-alb/9266c78a99b9b30c",
            "client_keep_alive": 3600,
            "connection_logs": [
              {
                "bucket": "",
                "enabled": false,
                "prefix": ""
              }
            ],
            "customer_owned_ipv4_pool": "",
            "desync_mitigation_mode": "defensive",
            "dns_name": "web-external-alb-1020161981.ap-south-1.elb.amazonaws.com",
            "dns_record_client_routing_policy": null,
            "drop_invalid_header_fields": false,
            "enable_cross_zone_load_balancing": true,
            "enable_deletion_protection": false,
            "enable_http2": true,
            "enable_tls_version_and_cipher_suite_headers": false,
            "enable_waf_fail_open": false,
            "enable_xff_client_port": false,
            "enable_zonal_shift": false,
            "enforce_security_group_inbound_rules_on_private_link_traffic": "",
            "health_check_logs": [
              {
                "bucket": "",
                "enabled": false,
                "prefix": ""
              }
            ],
            "id": "arn:aws:elasticloadbalancing:ap-south-1:256600409744:loadbalancer/app/web-external-alb/9266c78a99b9b30c",
            "idle_timeout": 60,
            "internal": false,
            "ip_address_type": "ipv4",
            "ipam_pools": [],
            "load_balancer_type": "application",
            "minimum_load_balancer_capacity": [],
            "name": "web-external-alb",
            "name_prefix": "",
            "preserve_host_header": false,
            "region": "ap-south-1",
            "secondary_ips_auto_assigned_per_subnet": null,
            "security_groups": [
              "sg-072de5af6d6e8caf2"
            ],
            "subnet_mapping": [
              {
                "allocation_id": "",
                "ipv6_address": "",
                "outpost_id": "",
                "private_ipv4_address": "",
                "subnet_id": "subnet-02c50a39d5c893650"
              },
              {
                "allocation_id": "",
                "ipv6_address": "",
                "outpost_id": "",
                "private_ipv4_address": "",
                "subnet_id": "subnet-0d8655fec1050e0db"
              }
            ],
            "subnets": [
              "subnet-02c50a39d5c893650",
              "subnet-0d8655fec1050e0db"
            ],
            "tags": null,
            "tags_all": {},
            "timeouts": null,
            "vpc_id": "vpc-0ea76a21578c6dd1d",
            "xff_header_processing_mode": "append",
            "zone_id": "ZP97RAFLXTNZK"
          },
          "sensitive_attributes": [],
          "identity_schema_version": 0,
          "identity": {
            "arn": "arn:aws:elasticloadbalancing:ap-south-1:256600409744:loadbalancer/app/web-external-alb/9266c78a99b9b30c"
          },
          "private": "eyJlMmJmYjczMC1lY2FhLTExZTYtOGY4OC0zNDM2M2JjN2M0YzAiOnsiY3JlYXRlIjo2MDAwMDAwMDAwMDAsImRlbGV0ZSI6NjAwMDAwMDAwMDAwLCJ1cGRhdGUiOjYwMDAwMDAwMDAwMH19",
          "dependencies": [
            "aws_security_group.web_alb_sg",
            "aws_subnet.public_1a",
            "aws_subnet.public_1b",
            "aws_vpc.main"
          ]
        }
      ]
    },
    {
      "mode": "managed",
      "type": "aws_lb_listener",
      "name": "app_http",
      "provider": "provider[\"registry.terraform.io/hashicorp/aws\"]",
      "instances": [
        {
          "schema_version": 0,
          "attributes": {
            "alpn_policy": null,
            "arn": "arn:aws:elasticloadbalancing:ap-south-1:256600409744:listener/app/app-internal-alb/8d16c183edb084ee/322c8ba800f9c5c3",
            "certificate_arn": null,
            "default_action": [
              {
                "authenticate_cognito": [],
                "authenticate_oidc": [],
                "fixed_response": [],
                "forward": [],
                "jwt_validation": [],
                "order": 1,
                "redirect": [],
                "target_group_arn": "arn:aws:elasticloadbalancing:ap-south-1:256600409744:targetgroup/app-tier-tg/07cac77f75172546",
                "type": "forward"
              }
            ],
            "id": "arn:aws:elasticloadbalancing:ap-south-1:256600409744:listener/app/app-internal-alb/8d16c183edb084ee/322c8ba800f9c5c3",
            "load_balancer_arn": "arn:aws:elasticloadbalancing:ap-south-1:256600409744:loadbalancer/app/app-internal-alb/8d16c183edb084ee",
            "mutual_authentication": [],
            "port": 80,
            "protocol": "HTTP",
            "region": "ap-south-1",
            "routing_http_request_x_amzn_mtls_clientcert_header_name": null,
            "routing_http_request_x_amzn_mtls_clientcert_issuer_header_name": null,
            "routing_http_request_x_amzn_mtls_clientcert_leaf_header_name": null,
            "routing_http_request_x_amzn_mtls_clientcert_serial_number_header_name": null,
            "routing_http_request_x_amzn_mtls_clientcert_subject_header_name": null,
            "routing_http_request_x_amzn_mtls_clientcert_validity_header_name": null,
            "routing_http_request_x_amzn_tls_cipher_suite_header_name": null,
            "routing_http_request_x_amzn_tls_version_header_name": null,
            "routing_http_response_access_control_allow_credentials_header_value": "",
            "routing_http_response_access_control_allow_headers_header_value": "",
            "routing_http_response_access_control_allow_methods_header_value": "",
            "routing_http_response_access_control_allow_origin_header_value": "",
            "routing_http_response_access_control_expose_headers_header_value": "",
            "routing_http_response_access_control_max_age_header_value": "",
            "routing_http_response_content_security_policy_header_value": "",
            "routing_http_response_server_enabled": true,
            "routing_http_response_strict_transport_security_header_value": "",
            "routing_http_response_x_content_type_options_header_value": "",
            "routing_http_response_x_frame_options_header_value": "",
            "ssl_policy": "",
            "tags": null,
            "tags_all": {},
            "tcp_idle_timeout_seconds": null,
            "timeouts": null
          },
          "sensitive_attributes": [],
          "identity_schema_version": 0,
          "identity": {
            "arn": "arn:aws:elasticloadbalancing:ap-south-1:256600409744:listener/app/app-internal-alb/8d16c183edb084ee/322c8ba800f9c5c3"
          },
          "private": "eyJlMmJmYjczMC1lY2FhLTExZTYtOGY4OC0zNDM2M2JjN2M0YzAiOnsiY3JlYXRlIjozMDAwMDAwMDAwMDAsInVwZGF0ZSI6MzAwMDAwMDAwMDAwfX0=",
          "dependencies": [
            "aws_lb.app_alb",
            "aws_lb_target_group.app_tg",
            "aws_security_group.app_alb_sg",
            "aws_security_group.bastion_sg",
            "aws_security_group.web_alb_sg",
            "aws_security_group.web_sg",
            "aws_subnet.app_1a",
            "aws_subnet.app_1b",
            "aws_vpc.main"
          ]
        }
      ]
    },
    {
      "mode": "managed",
      "type": "aws_lb_listener",
      "name": "web_http",
      "provider": "provider[\"registry.terraform.io/hashicorp/aws\"]",
      "instances": [
        {
          "schema_version": 0,
          "attributes": {
            "alpn_policy": null,
            "arn": "arn:aws:elasticloadbalancing:ap-south-1:256600409744:listener/app/web-external-alb/9266c78a99b9b30c/562aca4d9f2a277d",
            "certificate_arn": null,
            "default_action": [
              {
                "authenticate_cognito": [],
                "authenticate_oidc": [],
                "fixed_response": [],
                "forward": [],
                "jwt_validation": [],
                "order": 1,
                "redirect": [],
                "target_group_arn": "arn:aws:elasticloadbalancing:ap-south-1:256600409744:targetgroup/web-tier-tg/9ed3996a01c40b8f",
                "type": "forward"
              }
            ],
            "id": "arn:aws:elasticloadbalancing:ap-south-1:256600409744:listener/app/web-external-alb/9266c78a99b9b30c/562aca4d9f2a277d",
            "load_balancer_arn": "arn:aws:elasticloadbalancing:ap-south-1:256600409744:loadbalancer/app/web-external-alb/9266c78a99b9b30c",
            "mutual_authentication": [],
            "port": 80,
            "protocol": "HTTP",
            "region": "ap-south-1",
            "routing_http_request_x_amzn_mtls_clientcert_header_name": null,
            "routing_http_request_x_amzn_mtls_clientcert_issuer_header_name": null,
            "routing_http_request_x_amzn_mtls_clientcert_leaf_header_name": null,
            "routing_http_request_x_amzn_mtls_clientcert_serial_number_header_name": null,
            "routing_http_request_x_amzn_mtls_clientcert_subject_header_name": null,
            "routing_http_request_x_amzn_mtls_clientcert_validity_header_name": null,
            "routing_http_request_x_amzn_tls_cipher_suite_header_name": null,
            "routing_http_request_x_amzn_tls_version_header_name": null,
            "routing_http_response_access_control_allow_credentials_header_value": "",
            "routing_http_response_access_control_allow_headers_header_value": "",
            "routing_http_response_access_control_allow_methods_header_value": "",
            "routing_http_response_access_control_allow_origin_header_value": "",
            "routing_http_response_access_control_expose_headers_header_value": "",
            "routing_http_response_access_control_max_age_header_value": "",
            "routing_http_response_content_security_policy_header_value": "",
            "routing_http_response_server_enabled": true,
            "routing_http_response_strict_transport_security_header_value": "",
            "routing_http_response_x_content_type_options_header_value": "",
            "routing_http_response_x_frame_options_header_value": "",
            "ssl_policy": "",
            "tags": null,
            "tags_all": {},
            "tcp_idle_timeout_seconds": null,
            "timeouts": null
          },
          "sensitive_attributes": [],
          "identity_schema_version": 0,
          "identity": {
            "arn": "arn:aws:elasticloadbalancing:ap-south-1:256600409744:listener/app/web-external-alb/9266c78a99b9b30c/562aca4d9f2a277d"
          },
          "private": "eyJlMmJmYjczMC1lY2FhLTExZTYtOGY4OC0zNDM2M2JjN2M0YzAiOnsiY3JlYXRlIjozMDAwMDAwMDAwMDAsInVwZGF0ZSI6MzAwMDAwMDAwMDAwfX0=",
          "dependencies": [
            "aws_lb.web_alb",
            "aws_lb_target_group.web_tg",
            "aws_security_group.web_alb_sg",
            "aws_subnet.public_1a",
            "aws_subnet.public_1b",
            "aws_vpc.main"
          ]
        }
      ]
    },
    {
      "mode": "managed",
      "type": "aws_lb_target_group",
      "name": "app_tg",
      "provider": "provider[\"registry.terraform.io/hashicorp/aws\"]",
      "instances": [
        {
          "schema_version": 0,
          "attributes": {
            "arn": "arn:aws:elasticloadbalancing:ap-south-1:256600409744:targetgroup/app-tier-tg/07cac77f75172546",
            "arn_suffix": "targetgroup/app-tier-tg/07cac77f75172546",
            "connection_termination": null,
            "deregistration_delay": "300",
            "health_check": [
              {
                "enabled": true,
                "healthy_threshold": 2,
                "interval": 30,
                "matcher": "200",
                "path": "/health",
                "port": "traffic-port",
                "protocol": "HTTP",
                "timeout": 15,
                "unhealthy_threshold": 2
              }
            ],
            "id": "arn:aws:elasticloadbalancing:ap-south-1:256600409744:targetgroup/app-tier-tg/07cac77f75172546",
            "ip_address_type": "ipv4",
            "lambda_multi_value_headers_enabled": false,
            "load_balancer_arns": [],
            "load_balancing_algorithm_type": "round_robin",
            "load_balancing_anomaly_mitigation": "off",
            "load_balancing_cross_zone_enabled": "use_load_balancer_configuration",
            "name": "app-tier-tg",
            "name_prefix": "",
            "port": 3200,
            "preserve_client_ip": null,
            "protocol": "HTTP",
            "protocol_version": "HTTP1",
            "proxy_protocol_v2": false,
            "region": "ap-south-1",
            "slow_start": 0,
            "stickiness": [
              {
                "cookie_duration": 86400,
                "cookie_name": "",
                "enabled": false,
                "type": "lb_cookie"
              }
            ],
            "tags": null,
            "tags_all": {},
            "target_control_port": 0,
            "target_failover": [
              {
                "on_deregistration": null,
                "on_unhealthy": null
              }
            ],
            "target_group_health": [
              {
                "dns_failover": [
                  {
                    "minimum_healthy_targets_count": "1",
                    "minimum_healthy_targets_percentage": "off"
                  }
                ],
                "unhealthy_state_routing": [
                  {
                    "minimum_healthy_targets_count": 1,
                    "minimum_healthy_targets_percentage": "off"
                  }
                ]
              }
            ],
            "target_health_state": [
              {
                "enable_unhealthy_connection_termination": null,
                "unhealthy_draining_interval": null
              }
            ],
            "target_type": "instance",
            "vpc_id": "vpc-0ea76a21578c6dd1d"
          },
          "sensitive_attributes": [],
          "identity_schema_version": 0,
          "identity": {
            "arn": "arn:aws:elasticloadbalancing:ap-south-1:256600409744:targetgroup/app-tier-tg/07cac77f75172546"
          },
          "private": "bnVsbA==",
          "dependencies": [
            "aws_vpc.main"
          ]
        }
      ]
    },
    {
      "mode": "managed",
      "type": "aws_lb_target_group",
      "name": "web_tg",
      "provider": "provider[\"registry.terraform.io/hashicorp/aws\"]",
      "instances": [
        {
          "schema_version": 0,
          "attributes": {
            "arn": "arn:aws:elasticloadbalancing:ap-south-1:256600409744:targetgroup/web-tier-tg/9ed3996a01c40b8f",
            "arn_suffix": "targetgroup/web-tier-tg/9ed3996a01c40b8f",
            "connection_termination": null,
            "deregistration_delay": "300",
            "health_check": [
              {
                "enabled": true,
                "healthy_threshold": 2,
                "interval": 30,
                "matcher": "200",
                "path": "/health",
                "port": "traffic-port",
                "protocol": "HTTP",
                "timeout": 15,
                "unhealthy_threshold": 2
              }
            ],
            "id": "arn:aws:elasticloadbalancing:ap-south-1:256600409744:targetgroup/web-tier-tg/9ed3996a01c40b8f",
            "ip_address_type": "ipv4",
            "lambda_multi_value_headers_enabled": false,
            "load_balancer_arns": [],
            "load_balancing_algorithm_type": "round_robin",
            "load_balancing_anomaly_mitigation": "off",
            "load_balancing_cross_zone_enabled": "use_load_balancer_configuration",
            "name": "web-tier-tg",
            "name_prefix": "",
            "port": 80,
            "preserve_client_ip": null,
            "protocol": "HTTP",
            "protocol_version": "HTTP1",
            "proxy_protocol_v2": false,
            "region": "ap-south-1",
            "slow_start": 0,
            "stickiness": [
              {
                "cookie_duration": 86400,
                "cookie_name": "",
                "enabled": false,
                "type": "lb_cookie"
              }
            ],
            "tags": null,
            "tags_all": {},
            "target_control_port": 0,
            "target_failover": [
              {
                "on_deregistration": null,
                "on_unhealthy": null
              }
            ],
            "target_group_health": [
              {
                "dns_failover": [
                  {
                    "minimum_healthy_targets_count": "1",
                    "minimum_healthy_targets_percentage": "off"
                  }
                ],
                "unhealthy_state_routing": [
                  {
                    "minimum_healthy_targets_count": 1,
                    "minimum_healthy_targets_percentage": "off"
                  }
                ]
              }
            ],
            "target_health_state": [
              {
                "enable_unhealthy_connection_termination": null,
                "unhealthy_draining_interval": null
              }
            ],
            "target_type": "instance",
            "vpc_id": "vpc-0ea76a21578c6dd1d"
          },
          "sensitive_attributes": [],
          "identity_schema_version": 0,
          "identity": {
            "arn": "arn:aws:elasticloadbalancing:ap-south-1:256600409744:targetgroup/web-tier-tg/9ed3996a01c40b8f"
          },
          "private": "bnVsbA==",
          "dependencies": [
            "aws_vpc.main"
          ]
        }
      ]
    },
    {
      "mode": "managed",
      "type": "aws_nat_gateway",
      "name": "nat",
      "provider": "provider[\"registry.terraform.io/hashicorp/aws\"]",
      "instances": [
        {
          "schema_version": 0,
          "attributes": {
            "allocation_id": "eipalloc-0bb83a016d480a4f6",
            "association_id": "eipassoc-05d496b2e46061c62",
            "auto_provision_zones": null,
            "auto_scaling_ips": null,
            "availability_mode": "zonal",
            "availability_zone_address": [],
            "connectivity_type": "public",
            "id": "nat-0a5bd2bb03a1bcc4a",
            "network_interface_id": "eni-02ec89496e5e97705",
            "private_ip": "192.168.1.58",
            "public_ip": "3.7.124.42",
            "region": "ap-south-1",
            "regional_nat_gateway_address": [],
            "regional_nat_gateway_auto_mode": null,
            "route_table_id": null,
            "secondary_allocation_ids": [],
            "secondary_private_ip_address_count": 0,
            "secondary_private_ip_addresses": [],
            "subnet_id": "subnet-0d8655fec1050e0db",
            "tags": {
              "Name": "3-tier-project-NAT"
            },
            "tags_all": {
              "Name": "3-tier-project-NAT"
            },
            "timeouts": null,
            "vpc_id": "vpc-0ea76a21578c6dd1d"
          },
          "sensitive_attributes": [],
          "identity_schema_version": 0,
          "private": "eyJlMmJmYjczMC1lY2FhLTExZTYtOGY4OC0zNDM2M2JjN2M0YzAiOnsiY3JlYXRlIjo2MDAwMDAwMDAwMDAsImRlbGV0ZSI6MTgwMDAwMDAwMDAwMCwidXBkYXRlIjo2MDAwMDAwMDAwMDB9fQ==",
          "dependencies": [
            "aws_eip.nat_eip",
            "aws_subnet.public_1a",
            "aws_vpc.main"
          ]
        }
      ]
    },
    {
      "mode": "managed",
      "type": "aws_route_table",
      "name": "private_route_table",
      "provider": "provider[\"registry.terraform.io/hashicorp/aws\"]",
      "instances": [
        {
          "schema_version": 0,
          "attributes": {
            "arn": "arn:aws:ec2:ap-south-1:256600409744:route-table/rtb-0afab7061d74059bd",
            "id": "rtb-0afab7061d74059bd",
            "owner_id": "256600409744",
            "propagating_vgws": [],
            "region": "ap-south-1",
            "route": [
              {
                "carrier_gateway_id": "",
                "cidr_block": "0.0.0.0/0",
                "core_network_arn": "",
                "destination_prefix_list_id": "",
                "egress_only_gateway_id": "",
                "gateway_id": "",
                "ipv6_cidr_block": "",
                "local_gateway_id": "",
                "nat_gateway_id": "nat-0a5bd2bb03a1bcc4a",
                "network_interface_id": "",
                "transit_gateway_id": "",
                "vpc_endpoint_id": "",
                "vpc_peering_connection_id": ""
              }
            ],
            "tags": {
              "Name": "Private-Route-Table"
            },
            "tags_all": {
              "Name": "Private-Route-Table"
            },
            "timeouts": null,
            "vpc_id": "vpc-0ea76a21578c6dd1d"
          },
          "sensitive_attributes": [],
          "identity_schema_version": 0,
          "identity": {
            "account_id": "256600409744",
            "id": "rtb-0afab7061d74059bd",
            "region": "ap-south-1"
          },
          "private": "eyJlMmJmYjczMC1lY2FhLTExZTYtOGY4OC0zNDM2M2JjN2M0YzAiOnsiY3JlYXRlIjozMDAwMDAwMDAwMDAsImRlbGV0ZSI6MzAwMDAwMDAwMDAwLCJ1cGRhdGUiOjEyMDAwMDAwMDAwMH19",
          "dependencies": [
            "aws_eip.nat_eip",
            "aws_nat_gateway.nat",
            "aws_subnet.public_1a",
            "aws_vpc.main"
          ]
        }
      ]
    },
    {
      "mode": "managed",
      "type": "aws_route_table",
      "name": "public_route_table",
      "provider": "provider[\"registry.terraform.io/hashicorp/aws\"]",
      "instances": [
        {
          "schema_version": 0,
          "attributes": {
            "arn": "arn:aws:ec2:ap-south-1:256600409744:route-table/rtb-06c98277b35722a58",
            "id": "rtb-06c98277b35722a58",
            "owner_id": "256600409744",
            "propagating_vgws": [],
            "region": "ap-south-1",
            "route": [
              {
                "carrier_gateway_id": "",
                "cidr_block": "0.0.0.0/0",
                "core_network_arn": "",
                "destination_prefix_list_id": "",
                "egress_only_gateway_id": "",
                "gateway_id": "igw-0f468f6aa8413103f",
                "ipv6_cidr_block": "",
                "local_gateway_id": "",
                "nat_gateway_id": "",
                "network_interface_id": "",
                "transit_gateway_id": "",
                "vpc_endpoint_id": "",
                "vpc_peering_connection_id": ""
              }
            ],
            "tags": {
              "Name": "Public-Route-Table"
            },
            "tags_all": {
              "Name": "Public-Route-Table"
            },
            "timeouts": null,
            "vpc_id": "vpc-0ea76a21578c6dd1d"
          },
          "sensitive_attributes": [],
          "identity_schema_version": 0,
          "identity": {
            "account_id": "256600409744",
            "id": "rtb-06c98277b35722a58",
            "region": "ap-south-1"
          },
          "private": "eyJlMmJmYjczMC1lY2FhLTExZTYtOGY4OC0zNDM2M2JjN2M0YzAiOnsiY3JlYXRlIjozMDAwMDAwMDAwMDAsImRlbGV0ZSI6MzAwMDAwMDAwMDAwLCJ1cGRhdGUiOjEyMDAwMDAwMDAwMH19",
          "dependencies": [
            "aws_internet_gateway.three_tier_igw",
            "aws_vpc.main"
          ]
        }
      ]
    },
    {
      "mode": "managed",
      "type": "aws_route_table_association",
      "name": "private_assoc_app_1a",
      "provider": "provider[\"registry.terraform.io/hashicorp/aws\"]",
      "instances": [
        {
          "schema_version": 0,
          "attributes": {
            "gateway_id": "",
            "id": "rtbassoc-0979d3578805ad166",
            "region": "ap-south-1",
            "route_table_id": "rtb-0afab7061d74059bd",
            "subnet_id": "subnet-0c00aa5c05b9ffe33",
            "timeouts": null
          },
          "sensitive_attributes": [],
          "identity_schema_version": 0,
          "private": "eyJlMmJmYjczMC1lY2FhLTExZTYtOGY4OC0zNDM2M2JjN2M0YzAiOnsiY3JlYXRlIjozMDAwMDAwMDAwMDAsImRlbGV0ZSI6MzAwMDAwMDAwMDAwLCJ1cGRhdGUiOjEyMDAwMDAwMDAwMH19",
          "dependencies": [
            "aws_eip.nat_eip",
            "aws_nat_gateway.nat",
            "aws_route_table.private_route_table",
            "aws_subnet.app_1a",
            "aws_subnet.public_1a",
            "aws_vpc.main"
          ]
        }
      ]
    },
    {
      "mode": "managed",
      "type": "aws_route_table_association",
      "name": "private_assoc_app_1b",
      "provider": "provider[\"registry.terraform.io/hashicorp/aws\"]",
      "instances": [
        {
          "schema_version": 0,
          "attributes": {
            "gateway_id": "",
            "id": "rtbassoc-04a7633d1b6c707ec",
            "region": "ap-south-1",
            "route_table_id": "rtb-0afab7061d74059bd",
            "subnet_id": "subnet-0d639b3542f1560fa",
            "timeouts": null
          },
          "sensitive_attributes": [],
          "identity_schema_version": 0,
          "private": "eyJlMmJmYjczMC1lY2FhLTExZTYtOGY4OC0zNDM2M2JjN2M0YzAiOnsiY3JlYXRlIjozMDAwMDAwMDAwMDAsImRlbGV0ZSI6MzAwMDAwMDAwMDAwLCJ1cGRhdGUiOjEyMDAwMDAwMDAwMH19",
          "dependencies": [
            "aws_eip.nat_eip",
            "aws_nat_gateway.nat",
            "aws_route_table.private_route_table",
            "aws_subnet.app_1b",
            "aws_subnet.public_1a",
            "aws_vpc.main"
          ]
        }
      ]
    },
    {
      "mode": "managed",
      "type": "aws_route_table_association",
      "name": "private_assoc_db_1a",
      "provider": "provider[\"registry.terraform.io/hashicorp/aws\"]",
      "instances": [
        {
          "schema_version": 0,
          "attributes": {
            "gateway_id": "",
            "id": "rtbassoc-042feb8627c11652c",
            "region": "ap-south-1",
            "route_table_id": "rtb-0afab7061d74059bd",
            "subnet_id": "subnet-092201874604402f9",
            "timeouts": null
          },
          "sensitive_attributes": [],
          "identity_schema_version": 0,
          "private": "eyJlMmJmYjczMC1lY2FhLTExZTYtOGY4OC0zNDM2M2JjN2M0YzAiOnsiY3JlYXRlIjozMDAwMDAwMDAwMDAsImRlbGV0ZSI6MzAwMDAwMDAwMDAwLCJ1cGRhdGUiOjEyMDAwMDAwMDAwMH19",
          "dependencies": [
            "aws_eip.nat_eip",
            "aws_nat_gateway.nat",
            "aws_route_table.private_route_table",
            "aws_subnet.db_1a",
            "aws_subnet.public_1a",
            "aws_vpc.main"
          ]
        }
      ]
    },
    {
      "mode": "managed",
      "type": "aws_route_table_association",
      "name": "private_assoc_db_1b",
      "provider": "provider[\"registry.terraform.io/hashicorp/aws\"]",
      "instances": [
        {
          "schema_version": 0,
          "attributes": {
            "gateway_id": "",
            "id": "rtbassoc-0ffa0b0d7ed9bbc55",
            "region": "ap-south-1",
            "route_table_id": "rtb-0afab7061d74059bd",
            "subnet_id": "subnet-0b26508bf7af5f40c",
            "timeouts": null
          },
          "sensitive_attributes": [],
          "identity_schema_version": 0,
          "private": "eyJlMmJmYjczMC1lY2FhLTExZTYtOGY4OC0zNDM2M2JjN2M0YzAiOnsiY3JlYXRlIjozMDAwMDAwMDAwMDAsImRlbGV0ZSI6MzAwMDAwMDAwMDAwLCJ1cGRhdGUiOjEyMDAwMDAwMDAwMH19",
          "dependencies": [
            "aws_eip.nat_eip",
            "aws_nat_gateway.nat",
            "aws_route_table.private_route_table",
            "aws_subnet.db_1b",
            "aws_subnet.public_1a",
            "aws_vpc.main"
          ]
        }
      ]
    },
    {
      "mode": "managed",
      "type": "aws_route_table_association",
      "name": "private_assoc_web_1a",
      "provider": "provider[\"registry.terraform.io/hashicorp/aws\"]",
      "instances": [
        {
          "schema_version": 0,
          "attributes": {
            "gateway_id": "",
            "id": "rtbassoc-08fac0a018a366002",
            "region": "ap-south-1",
            "route_table_id": "rtb-0afab7061d74059bd",
            "subnet_id": "subnet-080047d1099737105",
            "timeouts": null
          },
          "sensitive_attributes": [],
          "identity_schema_version": 0,
          "private": "eyJlMmJmYjczMC1lY2FhLTExZTYtOGY4OC0zNDM2M2JjN2M0YzAiOnsiY3JlYXRlIjozMDAwMDAwMDAwMDAsImRlbGV0ZSI6MzAwMDAwMDAwMDAwLCJ1cGRhdGUiOjEyMDAwMDAwMDAwMH19",
          "dependencies": [
            "aws_eip.nat_eip",
            "aws_nat_gateway.nat",
            "aws_route_table.private_route_table",
            "aws_subnet.public_1a",
            "aws_subnet.web_1a",
            "aws_vpc.main"
          ]
        }
      ]
    },
    {
      "mode": "managed",
      "type": "aws_route_table_association",
      "name": "private_assoc_web_1b",
      "provider": "provider[\"registry.terraform.io/hashicorp/aws\"]",
      "instances": [
        {
          "schema_version": 0,
          "attributes": {
            "gateway_id": "",
            "id": "rtbassoc-0d9bb837c7058b269",
            "region": "ap-south-1",
            "route_table_id": "rtb-0afab7061d74059bd",
            "subnet_id": "subnet-002465ef0c3386799",
            "timeouts": null
          },
          "sensitive_attributes": [],
          "identity_schema_version": 0,
          "private": "eyJlMmJmYjczMC1lY2FhLTExZTYtOGY4OC0zNDM2M2JjN2M0YzAiOnsiY3JlYXRlIjozMDAwMDAwMDAwMDAsImRlbGV0ZSI6MzAwMDAwMDAwMDAwLCJ1cGRhdGUiOjEyMDAwMDAwMDAwMH19",
          "dependencies": [
            "aws_eip.nat_eip",
            "aws_nat_gateway.nat",
            "aws_route_table.private_route_table",
            "aws_subnet.public_1a",
            "aws_subnet.web_1b",
            "aws_vpc.main"
          ]
        }
      ]
    },
    {
      "mode": "managed",
      "type": "aws_route_table_association",
      "name": "public_assoc_1a",
      "provider": "provider[\"registry.terraform.io/hashicorp/aws\"]",
      "instances": [
        {
          "schema_version": 0,
          "attributes": {
            "gateway_id": "",
            "id": "rtbassoc-00f7b8d3273e13efe",
            "region": "ap-south-1",
            "route_table_id": "rtb-06c98277b35722a58",
            "subnet_id": "subnet-0d8655fec1050e0db",
            "timeouts": null
          },
          "sensitive_attributes": [],
          "identity_schema_version": 0,
          "private": "eyJlMmJmYjczMC1lY2FhLTExZTYtOGY4OC0zNDM2M2JjN2M0YzAiOnsiY3JlYXRlIjozMDAwMDAwMDAwMDAsImRlbGV0ZSI6MzAwMDAwMDAwMDAwLCJ1cGRhdGUiOjEyMDAwMDAwMDAwMH19",
          "dependencies": [
            "aws_internet_gateway.three_tier_igw",
            "aws_route_table.public_route_table",
            "aws_subnet.public_1a",
            "aws_vpc.main"
          ]
        }
      ]
    },
    {
      "mode": "managed",
      "type": "aws_route_table_association",
      "name": "public_assoc_1b",
      "provider": "provider[\"registry.terraform.io/hashicorp/aws\"]",
      "instances": [
        {
          "schema_version": 0,
          "attributes": {
            "gateway_id": "",
            "id": "rtbassoc-02e961b3fce0f7988",
            "region": "ap-south-1",
            "route_table_id": "rtb-06c98277b35722a58",
            "subnet_id": "subnet-02c50a39d5c893650",
            "timeouts": null
          },
          "sensitive_attributes": [],
          "identity_schema_version": 0,
          "private": "eyJlMmJmYjczMC1lY2FhLTExZTYtOGY4OC0zNDM2M2JjN2M0YzAiOnsiY3JlYXRlIjozMDAwMDAwMDAwMDAsImRlbGV0ZSI6MzAwMDAwMDAwMDAwLCJ1cGRhdGUiOjEyMDAwMDAwMDAwMH19",
          "dependencies": [
            "aws_internet_gateway.three_tier_igw",
            "aws_route_table.public_route_table",
            "aws_subnet.public_1b",
            "aws_vpc.main"
          ]
        }
      ]
    },
    {
      "mode": "managed",
      "type": "aws_s3_bucket",
      "name": "artifacts",
      "provider": "provider[\"registry.terraform.io/hashicorp/aws\"]",
      "instances": [
        {
          "schema_version": 0,
          "attributes": {
            "acceleration_status": "",
            "acl": null,
            "arn": "arn:aws:s3:::3-tier-project-codebuild-artifacts",
            "bucket": "3-tier-project-codebuild-artifacts",
            "bucket_domain_name": "3-tier-project-codebuild-artifacts.s3.amazonaws.com",
            "bucket_prefix": "",
            "bucket_region": "ap-south-1",
            "bucket_regional_domain_name": "3-tier-project-codebuild-artifacts.s3.ap-south-1.amazonaws.com",
            "cors_rule": [],
            "force_destroy": false,
            "grant": [
              {
                "id": "49e3726cfd198c58c310bd34f29bfd423bfbc89f47168ea7b985e0b08966db4f",
                "permissions": [
                  "FULL_CONTROL"
                ],
                "type": "CanonicalUser",
                "uri": ""
              }
            ],
            "hosted_zone_id": "Z11RGJOFQNVJUP",
            "id": "3-tier-project-codebuild-artifacts",
            "lifecycle_rule": [],
            "logging": [],
            "object_lock_configuration": [],
            "object_lock_enabled": false,
            "policy": "",
            "region": "ap-south-1",
            "replication_configuration": [],
            "request_payer": "BucketOwner",
            "server_side_encryption_configuration": [
              {
                "rule": [
                  {
                    "apply_server_side_encryption_by_default": [
                      {
                        "kms_master_key_id": "",
                        "sse_algorithm": "AES256"
                      }
                    ],
                    "bucket_key_enabled": false
                  }
                ]
              }
            ],
            "tags": null,
            "tags_all": {},
            "timeouts": null,
            "versioning": [
              {
                "enabled": false,
                "mfa_delete": false
              }
            ],
            "website": [],
            "website_domain": null,
            "website_endpoint": null
          },
          "sensitive_attributes": [],
          "identity_schema_version": 0,
          "identity": {
            "account_id": "256600409744",
            "bucket": "3-tier-project-codebuild-artifacts",
            "region": "ap-south-1"
          },
          "private": "eyJlMmJmYjczMC1lY2FhLTExZTYtOGY4OC0zNDM2M2JjN2M0YzAiOnsiY3JlYXRlIjoxMjAwMDAwMDAwMDAwLCJkZWxldGUiOjM2MDAwMDAwMDAwMDAsInJlYWQiOjEyMDAwMDAwMDAwMDAsInVwZGF0ZSI6MTIwMDAwMDAwMDAwMH19"
        }
      ]
    },
    {
      "mode": "managed",
      "type": "aws_security_group",
      "name": "app_alb_sg",
      "provider": "provider[\"registry.terraform.io/hashicorp/aws\"]",
      "instances": [
        {
          "schema_version": 1,
          "attributes": {
            "arn": "arn:aws:ec2:ap-south-1:256600409744:security-group/sg-0073dcd30c42608a2",
            "description": "Security group for Internal App ALB",
            "egress": [
              {
                "cidr_blocks": [
                  "0.0.0.0/0"
                ],
                "description": "",
                "from_port": 0,
                "ipv6_cidr_blocks": [],
                "prefix_list_ids": [],
                "protocol": "-1",
                "security_groups": [],
                "self": false,
                "to_port": 0
              }
            ],
            "id": "sg-0073dcd30c42608a2",
            "ingress": [
              {
                "cidr_blocks": [],
                "description": "HTTP from Web Servers",
                "from_port": 80,
                "ipv6_cidr_blocks": [],
                "prefix_list_ids": [],
                "protocol": "tcp",
                "security_groups": [
                  "sg-0e2da9e57e07ed8d3"
                ],
                "self": false,
                "to_port": 80
              },
              {
                "cidr_blocks": [],
                "description": "HTTPS from Web Servers",
                "from_port": 443,
                "ipv6_cidr_blocks": [],
                "prefix_list_ids": [],
                "protocol": "tcp",
                "security_groups": [
                  "sg-0e2da9e57e07ed8d3"
                ],
                "self": false,
                "to_port": 443
              }
            ],
            "name": "AppALB-SG",
            "name_prefix": "",
            "owner_id": "256600409744",
            "region": "ap-south-1",
            "revoke_rules_on_delete": false,
            "tags": {
              "Name": "AppALB-SG"
            },
            "tags_all": {
              "Name": "AppALB-SG"
            },
            "timeouts": null,
            "vpc_id": "vpc-0ea76a21578c6dd1d"
          },
          "sensitive_attributes": [],
          "identity_schema_version": 0,
          "identity": {
            "account_id": "256600409744",
            "id": "sg-0073dcd30c42608a2",
            "region": "ap-south-1"
          },
          "private": "eyJlMmJmYjczMC1lY2FhLTExZTYtOGY4OC0zNDM2M2JjN2M0YzAiOnsiY3JlYXRlIjo2MDAwMDAwMDAwMDAsImRlbGV0ZSI6OTAwMDAwMDAwMDAwfSwic2NoZW1hX3ZlcnNpb24iOiIxIn0=",
          "dependencies": [
            "aws_security_group.bastion_sg",
            "aws_security_group.web_alb_sg",
            "aws_security_group.web_sg",
            "aws_vpc.main"
          ]
        }
      ]
    },
    {
      "mode": "managed",
      "type": "aws_security_group",
      "name": "app_sg",
      "provider": "provider[\"registry.terraform.io/hashicorp/aws\"]",
      "instances": [
        {
          "schema_version": 1,
          "attributes": {
            "arn": "arn:aws:ec2:ap-south-1:256600409744:security-group/sg-0982c7c9720006540",
            "description": "Security group for App Servers",
            "egress": [
              {
                "cidr_blocks": [
                  "0.0.0.0/0"
                ],
                "description": "",
                "from_port": 0,
                "ipv6_cidr_blocks": [],
                "prefix_list_ids": [],
                "protocol": "-1",
                "security_groups": [],
                "self": false,
                "to_port": 0
              }
            ],
            "id": "sg-0982c7c9720006540",
            "ingress": [
              {
                "cidr_blocks": [],
                "description": "NodeJS app port from App ALB",
                "from_port": 3200,
                "ipv6_cidr_blocks": [],
                "prefix_list_ids": [],
                "protocol": "tcp",
                "security_groups": [
                  "sg-0073dcd30c42608a2"
                ],
                "self": false,
                "to_port": 3200
              },
              {
                "cidr_blocks": [],
                "description": "SSH from Bastion",
                "from_port": 22,
                "ipv6_cidr_blocks": [],
                "prefix_list_ids": [],
                "protocol": "tcp",
                "security_groups": [
                  "sg-03f0cce0881511d75"
                ],
                "self": false,
                "to_port": 22
              }
            ],
            "name": "App-SG",
            "name_prefix": "",
            "owner_id": "256600409744",
            "region": "ap-south-1",
            "revoke_rules_on_delete": false,
            "tags": {
              "Name": "App-SG"
            },
            "tags_all": {
              "Name": "App-SG"
            },
            "timeouts": null,
            "vpc_id": "vpc-0ea76a21578c6dd1d"
          },
          "sensitive_attributes": [],
          "identity_schema_version": 0,
          "identity": {
            "account_id": "256600409744",
            "id": "sg-0982c7c9720006540",
            "region": "ap-south-1"
          },
          "private": "eyJlMmJmYjczMC1lY2FhLTExZTYtOGY4OC0zNDM2M2JjN2M0YzAiOnsiY3JlYXRlIjo2MDAwMDAwMDAwMDAsImRlbGV0ZSI6OTAwMDAwMDAwMDAwfSwic2NoZW1hX3ZlcnNpb24iOiIxIn0=",
          "dependencies": [
            "aws_security_group.app_alb_sg",
            "aws_security_group.bastion_sg",
            "aws_security_group.web_alb_sg",
            "aws_security_group.web_sg",
            "aws_vpc.main"
          ]
        }
      ]
    },
    {
      "mode": "managed",
      "type": "aws_security_group",
      "name": "bastion_sg",
      "provider": "provider[\"registry.terraform.io/hashicorp/aws\"]",
      "instances": [
        {
          "schema_version": 1,
          "attributes": {
            "arn": "arn:aws:ec2:ap-south-1:256600409744:security-group/sg-03f0cce0881511d75",
            "description": "Security group for Bastion Host",
            "egress": [
              {
                "cidr_blocks": [
                  "0.0.0.0/0"
                ],
                "description": "",
                "from_port": 0,
                "ipv6_cidr_blocks": [],
                "prefix_list_ids": [],
                "protocol": "-1",
                "security_groups": [],
                "self": false,
                "to_port": 0
              }
            ],
            "id": "sg-03f0cce0881511d75",
            "ingress": [
              {
                "cidr_blocks": [
                  "0.0.0.0/0"
                ],
                "description": "SSH from anywhere",
                "from_port": 22,
                "ipv6_cidr_blocks": [],
                "prefix_list_ids": [],
                "protocol": "tcp",
                "security_groups": [],
                "self": false,
                "to_port": 22
              }
            ],
            "name": "Bastion-SG",
            "name_prefix": "",
            "owner_id": "256600409744",
            "region": "ap-south-1",
            "revoke_rules_on_delete": false,
            "tags": {
              "Name": "Bastion-SG"
            },
            "tags_all": {
              "Name": "Bastion-SG"
            },
            "timeouts": null,
            "vpc_id": "vpc-0ea76a21578c6dd1d"
          },
          "sensitive_attributes": [],
          "identity_schema_version": 0,
          "identity": {
            "account_id": "256600409744",
            "id": "sg-03f0cce0881511d75",
            "region": "ap-south-1"
          },
          "private": "eyJlMmJmYjczMC1lY2FhLTExZTYtOGY4OC0zNDM2M2JjN2M0YzAiOnsiY3JlYXRlIjo2MDAwMDAwMDAwMDAsImRlbGV0ZSI6OTAwMDAwMDAwMDAwfSwic2NoZW1hX3ZlcnNpb24iOiIxIn0=",
          "dependencies": [
            "aws_vpc.main"
          ]
        }
      ]
    },
    {
      "mode": "managed",
      "type": "aws_security_group",
      "name": "db_sg",
      "provider": "provider[\"registry.terraform.io/hashicorp/aws\"]",
      "instances": [
        {
          "schema_version": 1,
          "attributes": {
            "arn": "arn:aws:ec2:ap-south-1:256600409744:security-group/sg-03549d50ec431fce3",
            "description": "Security group for RDS MySQL",
            "egress": [
              {
                "cidr_blocks": [
                  "0.0.0.0/0"
                ],
                "description": "",
                "from_port": 0,
                "ipv6_cidr_blocks": [],
                "prefix_list_ids": [],
                "protocol": "-1",
                "security_groups": [],
                "self": false,
                "to_port": 0
              }
            ],
            "id": "sg-03549d50ec431fce3",
            "ingress": [
              {
                "cidr_blocks": [],
                "description": "MySQL from App Servers",
                "from_port": 3306,
                "ipv6_cidr_blocks": [],
                "prefix_list_ids": [],
                "protocol": "tcp",
                "security_groups": [
                  "sg-0982c7c9720006540"
                ],
                "self": false,
                "to_port": 3306
              },
              {
                "cidr_blocks": [],
                "description": "MySQL from Bastion",
                "from_port": 3306,
                "ipv6_cidr_blocks": [],
                "prefix_list_ids": [],
                "protocol": "tcp",
                "security_groups": [
                  "sg-03f0cce0881511d75"
                ],
                "self": false,
                "to_port": 3306
              }
            ],
            "name": "Database-SG",
            "name_prefix": "",
            "owner_id": "256600409744",
            "region": "ap-south-1",
            "revoke_rules_on_delete": false,
            "tags": {
              "Name": "Database-SG"
            },
            "tags_all": {
              "Name": "Database-SG"
            },
            "timeouts": null,
            "vpc_id": "vpc-0ea76a21578c6dd1d"
          },
          "sensitive_attributes": [],
          "identity_schema_version": 0,
          "identity": {
            "account_id": "256600409744",
            "id": "sg-03549d50ec431fce3",
            "region": "ap-south-1"
          },
          "private": "eyJlMmJmYjczMC1lY2FhLTExZTYtOGY4OC0zNDM2M2JjN2M0YzAiOnsiY3JlYXRlIjo2MDAwMDAwMDAwMDAsImRlbGV0ZSI6OTAwMDAwMDAwMDAwfSwic2NoZW1hX3ZlcnNpb24iOiIxIn0=",
          "dependencies": [
            "aws_security_group.app_alb_sg",
            "aws_security_group.app_sg",
            "aws_security_group.bastion_sg",
            "aws_security_group.web_alb_sg",
            "aws_security_group.web_sg",
            "aws_vpc.main"
          ]
        }
      ]
    },
    {
      "mode": "managed",
      "type": "aws_security_group",
      "name": "web_alb_sg",
      "provider": "provider[\"registry.terraform.io/hashicorp/aws\"]",
      "instances": [
        {
          "schema_version": 1,
          "attributes": {
            "arn": "arn:aws:ec2:ap-south-1:256600409744:security-group/sg-072de5af6d6e8caf2",
            "description": "Security group for External Web ALB",
            "egress": [
              {
                "cidr_blocks": [
                  "0.0.0.0/0"
                ],
                "description": "",
                "from_port": 0,
                "ipv6_cidr_blocks": [],
                "prefix_list_ids": [],
                "protocol": "-1",
                "security_groups": [],
                "self": false,
                "to_port": 0
              }
            ],
            "id": "sg-072de5af6d6e8caf2",
            "ingress": [
              {
                "cidr_blocks": [
                  "0.0.0.0/0"
                ],
                "description": "HTTP from internet",
                "from_port": 80,
                "ipv6_cidr_blocks": [],
                "prefix_list_ids": [],
                "protocol": "tcp",
                "security_groups": [],
                "self": false,
                "to_port": 80
              },
              {
                "cidr_blocks": [
                  "0.0.0.0/0"
                ],
                "description": "HTTPS from internet",
                "from_port": 443,
                "ipv6_cidr_blocks": [],
                "prefix_list_ids": [],
                "protocol": "tcp",
                "security_groups": [],
                "self": false,
                "to_port": 443
              }
            ],
            "name": "WebALB-SG",
            "name_prefix": "",
            "owner_id": "256600409744",
            "region": "ap-south-1",
            "revoke_rules_on_delete": false,
            "tags": {
              "Name": "WebALB-SG"
            },
            "tags_all": {
              "Name": "WebALB-SG"
            },
            "timeouts": null,
            "vpc_id": "vpc-0ea76a21578c6dd1d"
          },
          "sensitive_attributes": [],
          "identity_schema_version": 0,
          "identity": {
            "account_id": "256600409744",
            "id": "sg-072de5af6d6e8caf2",
            "region": "ap-south-1"
          },
          "private": "eyJlMmJmYjczMC1lY2FhLTExZTYtOGY4OC0zNDM2M2JjN2M0YzAiOnsiY3JlYXRlIjo2MDAwMDAwMDAwMDAsImRlbGV0ZSI6OTAwMDAwMDAwMDAwfSwic2NoZW1hX3ZlcnNpb24iOiIxIn0=",
          "dependencies": [
            "aws_vpc.main"
          ]
        }
      ]
    },
    {
      "mode": "managed",
      "type": "aws_security_group",
      "name": "web_sg",
      "provider": "provider[\"registry.terraform.io/hashicorp/aws\"]",
      "instances": [
        {
          "schema_version": 1,
          "attributes": {
            "arn": "arn:aws:ec2:ap-south-1:256600409744:security-group/sg-0e2da9e57e07ed8d3",
            "description": "Security group for Web Servers",
            "egress": [
              {
                "cidr_blocks": [
                  "0.0.0.0/0"
                ],
                "description": "",
                "from_port": 0,
                "ipv6_cidr_blocks": [],
                "prefix_list_ids": [],
                "protocol": "-1",
                "security_groups": [],
                "self": false,
                "to_port": 0
              }
            ],
            "id": "sg-0e2da9e57e07ed8d3",
            "ingress": [
              {
                "cidr_blocks": [],
                "description": "HTTP from Web ALB",
                "from_port": 80,
                "ipv6_cidr_blocks": [],
                "prefix_list_ids": [],
                "protocol": "tcp",
                "security_groups": [
                  "sg-072de5af6d6e8caf2"
                ],
                "self": false,
                "to_port": 80
              },
              {
                "cidr_blocks": [],
                "description": "HTTPS from Web ALB",
                "from_port": 443,
                "ipv6_cidr_blocks": [],
                "prefix_list_ids": [],
                "protocol": "tcp",
                "security_groups": [
                  "sg-072de5af6d6e8caf2"
                ],
                "self": false,
                "to_port": 443
              },
              {
                "cidr_blocks": [],
                "description": "SSH from Bastion",
                "from_port": 22,
                "ipv6_cidr_blocks": [],
                "prefix_list_ids": [],
                "protocol": "tcp",
                "security_groups": [
                  "sg-03f0cce0881511d75"
                ],
                "self": false,
                "to_port": 22
              }
            ],
            "name": "Web-SG",
            "name_prefix": "",
            "owner_id": "256600409744",
            "region": "ap-south-1",
            "revoke_rules_on_delete": false,
            "tags": {
              "Name": "Web-SG"
            },
            "tags_all": {
              "Name": "Web-SG"
            },
            "timeouts": null,
            "vpc_id": "vpc-0ea76a21578c6dd1d"
          },
          "sensitive_attributes": [],
          "identity_schema_version": 0,
          "identity": {
            "account_id": "256600409744",
            "id": "sg-0e2da9e57e07ed8d3",
            "region": "ap-south-1"
          },
          "private": "eyJlMmJmYjczMC1lY2FhLTExZTYtOGY4OC0zNDM2M2JjN2M0YzAiOnsiY3JlYXRlIjo2MDAwMDAwMDAwMDAsImRlbGV0ZSI6OTAwMDAwMDAwMDAwfSwic2NoZW1hX3ZlcnNpb24iOiIxIn0=",
          "dependencies": [
            "aws_security_group.bastion_sg",
            "aws_security_group.web_alb_sg",
            "aws_vpc.main"
          ]
        }
      ]
    },
    {
      "mode": "managed",
      "type": "aws_ssm_parameter",
      "name": "db_host",
      "provider": "provider[\"registry.terraform.io/hashicorp/aws\"]",
      "instances": [
        {
          "schema_version": 0,
          "attributes": {
            "allowed_pattern": "",
            "arn": "arn:aws:ssm:ap-south-1:256600409744:parameter/nodeapp/db/hostname",
            "data_type": "text",
            "description": "",
            "has_value_wo": false,
            "id": "/nodeapp/db/hostname",
            "insecure_value": null,
            "key_id": "",
            "name": "/nodeapp/db/hostname",
            "overwrite": null,
            "region": "ap-south-1",
            "tags": null,
            "tags_all": {},
            "tier": "Standard",
            "type": "String",
            "value": "nodeapp-mysql-db.cp0k4s8c25hm.ap-south-1.rds.amazonaws.com",
            "value_wo": null,
            "value_wo_version": null,
            "version": 1
          },
          "sensitive_attributes": [
            [
              {
                "type": "get_attr",
                "value": "value"
              }
            ],
            [
              {
                "type": "get_attr",
                "value": "value_wo"
              }
            ]
          ],
          "identity_schema_version": 0,
          "identity": {
            "account_id": "256600409744",
            "name": "/nodeapp/db/hostname",
            "region": "ap-south-1"
          },
          "private": "bnVsbA==",
          "dependencies": [
            "aws_db_instance.mysql",
            "aws_db_subnet_group.tier_subnet_group",
            "aws_security_group.app_alb_sg",
            "aws_security_group.app_sg",
            "aws_security_group.bastion_sg",
            "aws_security_group.db_sg",
            "aws_security_group.web_alb_sg",
            "aws_security_group.web_sg",
            "aws_subnet.db_1a",
            "aws_subnet.db_1b",
            "aws_vpc.main"
          ]
        }
      ]
    },
    {
      "mode": "managed",
      "type": "aws_ssm_parameter",
      "name": "db_name",
      "provider": "provider[\"registry.terraform.io/hashicorp/aws\"]",
      "instances": [
        {
          "schema_version": 0,
          "attributes": {
            "allowed_pattern": "",
            "arn": "arn:aws:ssm:ap-south-1:256600409744:parameter/nodeapp/db/name",
            "data_type": "text",
            "description": "",
            "has_value_wo": false,
            "id": "/nodeapp/db/name",
            "insecure_value": null,
            "key_id": "",
            "name": "/nodeapp/db/name",
            "overwrite": null,
            "region": "ap-south-1",
            "tags": null,
            "tags_all": {},
            "tier": "Standard",
            "type": "String",
            "value": "react_node_app",
            "value_wo": null,
            "value_wo_version": null,
            "version": 1
          },
          "sensitive_attributes": [
            [
              {
                "type": "get_attr",
                "value": "value"
              }
            ],
            [
              {
                "type": "get_attr",
                "value": "value_wo"
              }
            ]
          ],
          "identity_schema_version": 0,
          "identity": {
            "account_id": "256600409744",
            "name": "/nodeapp/db/name",
            "region": "ap-south-1"
          },
          "private": "bnVsbA=="
        }
      ]
    },
    {
      "mode": "managed",
      "type": "aws_ssm_parameter",
      "name": "db_password",
      "provider": "provider[\"registry.terraform.io/hashicorp/aws\"]",
      "instances": [
        {
          "schema_version": 0,
          "attributes": {
            "allowed_pattern": "",
            "arn": "arn:aws:ssm:ap-south-1:256600409744:parameter/nodeapp/db/password",
            "data_type": "text",
            "description": "",
            "has_value_wo": false,
            "id": "/nodeapp/db/password",
            "insecure_value": null,
            "key_id": "alias/aws/ssm",
            "name": "/nodeapp/db/password",
            "overwrite": null,
            "region": "ap-south-1",
            "tags": null,
            "tags_all": {},
            "tier": "Standard",
            "type": "SecureString",
            "value": "learnIT02#",
            "value_wo": null,
            "value_wo_version": null,
            "version": 1
          },
          "sensitive_attributes": [
            [
              {
                "type": "get_attr",
                "value": "value"
              }
            ],
            [
              {
                "type": "get_attr",
                "value": "value_wo"
              }
            ]
          ],
          "identity_schema_version": 0,
          "identity": {
            "account_id": "256600409744",
            "name": "/nodeapp/db/password",
            "region": "ap-south-1"
          },
          "private": "bnVsbA=="
        }
      ]
    },
    {
      "mode": "managed",
      "type": "aws_ssm_parameter",
      "name": "db_port",
      "provider": "provider[\"registry.terraform.io/hashicorp/aws\"]",
      "instances": [
        {
          "schema_version": 0,
          "attributes": {
            "allowed_pattern": "",
            "arn": "arn:aws:ssm:ap-south-1:256600409744:parameter/nodeapp/db/port",
            "data_type": "text",
            "description": "",
            "has_value_wo": false,
            "id": "/nodeapp/db/port",
            "insecure_value": null,
            "key_id": "",
            "name": "/nodeapp/db/port",
            "overwrite": null,
            "region": "ap-south-1",
            "tags": null,
            "tags_all": {},
            "tier": "Standard",
            "type": "String",
            "value": "3306",
            "value_wo": null,
            "value_wo_version": null,
            "version": 1
          },
          "sensitive_attributes": [
            [
              {
                "type": "get_attr",
                "value": "value"
              }
            ],
            [
              {
                "type": "get_attr",
                "value": "value_wo"
              }
            ]
          ],
          "identity_schema_version": 0,
          "identity": {
            "account_id": "256600409744",
            "name": "/nodeapp/db/port",
            "region": "ap-south-1"
          },
          "private": "bnVsbA=="
        }
      ]
    },
    {
      "mode": "managed",
      "type": "aws_ssm_parameter",
      "name": "db_user",
      "provider": "provider[\"registry.terraform.io/hashicorp/aws\"]",
      "instances": [
        {
          "schema_version": 0,
          "attributes": {
            "allowed_pattern": "",
            "arn": "arn:aws:ssm:ap-south-1:256600409744:parameter/nodeapp/db/user",
            "data_type": "text",
            "description": "",
            "has_value_wo": false,
            "id": "/nodeapp/db/user",
            "insecure_value": null,
            "key_id": "",
            "name": "/nodeapp/db/user",
            "overwrite": null,
            "region": "ap-south-1",
            "tags": null,
            "tags_all": {},
            "tier": "Standard",
            "type": "String",
            "value": "appuser",
            "value_wo": null,
            "value_wo_version": null,
            "version": 1
          },
          "sensitive_attributes": [
            [
              {
                "type": "get_attr",
                "value": "value"
              }
            ],
            [
              {
                "type": "get_attr",
                "value": "value_wo"
              }
            ]
          ],
          "identity_schema_version": 0,
          "identity": {
            "account_id": "256600409744",
            "name": "/nodeapp/db/user",
            "region": "ap-south-1"
          },
          "private": "bnVsbA=="
        }
      ]
    },
    {
      "mode": "managed",
      "type": "aws_subnet",
      "name": "app_1a",
      "provider": "provider[\"registry.terraform.io/hashicorp/aws\"]",
      "instances": [
        {
          "schema_version": 1,
          "attributes": {
            "arn": "arn:aws:ec2:ap-south-1:256600409744:subnet/subnet-0c00aa5c05b9ffe33",
            "assign_ipv6_address_on_creation": false,
            "availability_zone": "ap-south-1a",
            "availability_zone_id": "aps1-az1",
            "cidr_block": "192.168.5.0/24",
            "customer_owned_ipv4_pool": "",
            "enable_dns64": false,
            "enable_lni_at_device_index": 0,
            "enable_resource_name_dns_a_record_on_launch": false,
            "enable_resource_name_dns_aaaa_record_on_launch": false,
            "id": "subnet-0c00aa5c05b9ffe33",
            "ipv4_ipam_pool_id": null,
            "ipv4_netmask_length": null,
            "ipv6_cidr_block": "",
            "ipv6_cidr_block_association_id": "",
            "ipv6_ipam_pool_id": null,
            "ipv6_native": false,
            "ipv6_netmask_length": null,
            "map_customer_owned_ip_on_launch": false,
            "map_public_ip_on_launch": false,
            "outpost_arn": "",
            "owner_id": "256600409744",
            "private_dns_hostname_type_on_launch": "ip-name",
            "region": "ap-south-1",
            "tags": {
              "Name": "PrivateSubnet-App-1a"
            },
            "tags_all": {
              "Name": "PrivateSubnet-App-1a"
            },
            "timeouts": null,
            "vpc_id": "vpc-0ea76a21578c6dd1d"
          },
          "sensitive_attributes": [],
          "identity_schema_version": 0,
          "identity": {
            "account_id": "256600409744",
            "id": "subnet-0c00aa5c05b9ffe33",
            "region": "ap-south-1"
          },
          "private": "eyJlMmJmYjczMC1lY2FhLTExZTYtOGY4OC0zNDM2M2JjN2M0YzAiOnsiY3JlYXRlIjo2MDAwMDAwMDAwMDAsImRlbGV0ZSI6MTIwMDAwMDAwMDAwMH0sInNjaGVtYV92ZXJzaW9uIjoiMSJ9",
          "dependencies": [
            "aws_vpc.main"
          ]
        }
      ]
    },
    {
      "mode": "managed",
      "type": "aws_subnet",
      "name": "app_1b",
      "provider": "provider[\"registry.terraform.io/hashicorp/aws\"]",
      "instances": [
        {
          "schema_version": 1,
          "attributes": {
            "arn": "arn:aws:ec2:ap-south-1:256600409744:subnet/subnet-0d639b3542f1560fa",
            "assign_ipv6_address_on_creation": false,
            "availability_zone": "ap-south-1b",
            "availability_zone_id": "aps1-az3",
            "cidr_block": "192.168.6.0/24",
            "customer_owned_ipv4_pool": "",
            "enable_dns64": false,
            "enable_lni_at_device_index": 0,
            "enable_resource_name_dns_a_record_on_launch": false,
            "enable_resource_name_dns_aaaa_record_on_launch": false,
            "id": "subnet-0d639b3542f1560fa",
            "ipv4_ipam_pool_id": null,
            "ipv4_netmask_length": null,
            "ipv6_cidr_block": "",
            "ipv6_cidr_block_association_id": "",
            "ipv6_ipam_pool_id": null,
            "ipv6_native": false,
            "ipv6_netmask_length": null,
            "map_customer_owned_ip_on_launch": false,
            "map_public_ip_on_launch": false,
            "outpost_arn": "",
            "owner_id": "256600409744",
            "private_dns_hostname_type_on_launch": "ip-name",
            "region": "ap-south-1",
            "tags": {
              "Name": "PrivateSubnet-App-1b"
            },
            "tags_all": {
              "Name": "PrivateSubnet-App-1b"
            },
            "timeouts": null,
            "vpc_id": "vpc-0ea76a21578c6dd1d"
          },
          "sensitive_attributes": [],
          "identity_schema_version": 0,
          "identity": {
            "account_id": "256600409744",
            "id": "subnet-0d639b3542f1560fa",
            "region": "ap-south-1"
          },
          "private": "eyJlMmJmYjczMC1lY2FhLTExZTYtOGY4OC0zNDM2M2JjN2M0YzAiOnsiY3JlYXRlIjo2MDAwMDAwMDAwMDAsImRlbGV0ZSI6MTIwMDAwMDAwMDAwMH0sInNjaGVtYV92ZXJzaW9uIjoiMSJ9",
          "dependencies": [
            "aws_vpc.main"
          ]
        }
      ]
    },
    {
      "mode": "managed",
      "type": "aws_subnet",
      "name": "db_1a",
      "provider": "provider[\"registry.terraform.io/hashicorp/aws\"]",
      "instances": [
        {
          "schema_version": 1,
          "attributes": {
            "arn": "arn:aws:ec2:ap-south-1:256600409744:subnet/subnet-092201874604402f9",
            "assign_ipv6_address_on_creation": false,
            "availability_zone": "ap-south-1a",
            "availability_zone_id": "aps1-az1",
            "cidr_block": "192.168.7.0/24",
            "customer_owned_ipv4_pool": "",
            "enable_dns64": false,
            "enable_lni_at_device_index": 0,
            "enable_resource_name_dns_a_record_on_launch": false,
            "enable_resource_name_dns_aaaa_record_on_launch": false,
            "id": "subnet-092201874604402f9",
            "ipv4_ipam_pool_id": null,
            "ipv4_netmask_length": null,
            "ipv6_cidr_block": "",
            "ipv6_cidr_block_association_id": "",
            "ipv6_ipam_pool_id": null,
            "ipv6_native": false,
            "ipv6_netmask_length": null,
            "map_customer_owned_ip_on_launch": false,
            "map_public_ip_on_launch": false,
            "outpost_arn": "",
            "owner_id": "256600409744",
            "private_dns_hostname_type_on_launch": "ip-name",
            "region": "ap-south-1",
            "tags": {
              "Name": "PrivateSubnet-Db-1a"
            },
            "tags_all": {
              "Name": "PrivateSubnet-Db-1a"
            },
            "timeouts": null,
            "vpc_id": "vpc-0ea76a21578c6dd1d"
          },
          "sensitive_attributes": [],
          "identity_schema_version": 0,
          "identity": {
            "account_id": "256600409744",
            "id": "subnet-092201874604402f9",
            "region": "ap-south-1"
          },
          "private": "eyJlMmJmYjczMC1lY2FhLTExZTYtOGY4OC0zNDM2M2JjN2M0YzAiOnsiY3JlYXRlIjo2MDAwMDAwMDAwMDAsImRlbGV0ZSI6MTIwMDAwMDAwMDAwMH0sInNjaGVtYV92ZXJzaW9uIjoiMSJ9",
          "dependencies": [
            "aws_vpc.main"
          ]
        }
      ]
    },
    {
      "mode": "managed",
      "type": "aws_subnet",
      "name": "db_1b",
      "provider": "provider[\"registry.terraform.io/hashicorp/aws\"]",
      "instances": [
        {
          "schema_version": 1,
          "attributes": {
            "arn": "arn:aws:ec2:ap-south-1:256600409744:subnet/subnet-0b26508bf7af5f40c",
            "assign_ipv6_address_on_creation": false,
            "availability_zone": "ap-south-1b",
            "availability_zone_id": "aps1-az3",
            "cidr_block": "192.168.8.0/24",
            "customer_owned_ipv4_pool": "",
            "enable_dns64": false,
            "enable_lni_at_device_index": 0,
            "enable_resource_name_dns_a_record_on_launch": false,
            "enable_resource_name_dns_aaaa_record_on_launch": false,
            "id": "subnet-0b26508bf7af5f40c",
            "ipv4_ipam_pool_id": null,
            "ipv4_netmask_length": null,
            "ipv6_cidr_block": "",
            "ipv6_cidr_block_association_id": "",
            "ipv6_ipam_pool_id": null,
            "ipv6_native": false,
            "ipv6_netmask_length": null,
            "map_customer_owned_ip_on_launch": false,
            "map_public_ip_on_launch": false,
            "outpost_arn": "",
            "owner_id": "256600409744",
            "private_dns_hostname_type_on_launch": "ip-name",
            "region": "ap-south-1",
            "tags": {
              "Name": "PrivateSubnet-Db-1b"
            },
            "tags_all": {
              "Name": "PrivateSubnet-Db-1b"
            },
            "timeouts": null,
            "vpc_id": "vpc-0ea76a21578c6dd1d"
          },
          "sensitive_attributes": [],
          "identity_schema_version": 0,
          "identity": {
            "account_id": "256600409744",
            "id": "subnet-0b26508bf7af5f40c",
            "region": "ap-south-1"
          },
          "private": "eyJlMmJmYjczMC1lY2FhLTExZTYtOGY4OC0zNDM2M2JjN2M0YzAiOnsiY3JlYXRlIjo2MDAwMDAwMDAwMDAsImRlbGV0ZSI6MTIwMDAwMDAwMDAwMH0sInNjaGVtYV92ZXJzaW9uIjoiMSJ9",
          "dependencies": [
            "aws_vpc.main"
          ]
        }
      ]
    },
    {
      "mode": "managed",
      "type": "aws_subnet",
      "name": "public_1a",
      "provider": "provider[\"registry.terraform.io/hashicorp/aws\"]",
      "instances": [
        {
          "schema_version": 1,
          "attributes": {
            "arn": "arn:aws:ec2:ap-south-1:256600409744:subnet/subnet-0d8655fec1050e0db",
            "assign_ipv6_address_on_creation": false,
            "availability_zone": "ap-south-1a",
            "availability_zone_id": "aps1-az1",
            "cidr_block": "192.168.1.0/24",
            "customer_owned_ipv4_pool": "",
            "enable_dns64": false,
            "enable_lni_at_device_index": 0,
            "enable_resource_name_dns_a_record_on_launch": false,
            "enable_resource_name_dns_aaaa_record_on_launch": false,
            "id": "subnet-0d8655fec1050e0db",
            "ipv4_ipam_pool_id": null,
            "ipv4_netmask_length": null,
            "ipv6_cidr_block": "",
            "ipv6_cidr_block_association_id": "",
            "ipv6_ipam_pool_id": null,
            "ipv6_native": false,
            "ipv6_netmask_length": null,
            "map_customer_owned_ip_on_launch": false,
            "map_public_ip_on_launch": true,
            "outpost_arn": "",
            "owner_id": "256600409744",
            "private_dns_hostname_type_on_launch": "ip-name",
            "region": "ap-south-1",
            "tags": {
              "Name": "PublicSubnet-1a"
            },
            "tags_all": {
              "Name": "PublicSubnet-1a"
            },
            "timeouts": null,
            "vpc_id": "vpc-0ea76a21578c6dd1d"
          },
          "sensitive_attributes": [],
          "identity_schema_version": 0,
          "identity": {
            "account_id": "256600409744",
            "id": "subnet-0d8655fec1050e0db",
            "region": "ap-south-1"
          },
          "private": "eyJlMmJmYjczMC1lY2FhLTExZTYtOGY4OC0zNDM2M2JjN2M0YzAiOnsiY3JlYXRlIjo2MDAwMDAwMDAwMDAsImRlbGV0ZSI6MTIwMDAwMDAwMDAwMH0sInNjaGVtYV92ZXJzaW9uIjoiMSJ9",
          "dependencies": [
            "aws_vpc.main"
          ]
        }
      ]
    },
    {
      "mode": "managed",
      "type": "aws_subnet",
      "name": "public_1b",
      "provider": "provider[\"registry.terraform.io/hashicorp/aws\"]",
      "instances": [
        {
          "schema_version": 1,
          "attributes": {
            "arn": "arn:aws:ec2:ap-south-1:256600409744:subnet/subnet-02c50a39d5c893650",
            "assign_ipv6_address_on_creation": false,
            "availability_zone": "ap-south-1b",
            "availability_zone_id": "aps1-az3",
            "cidr_block": "192.168.2.0/24",
            "customer_owned_ipv4_pool": "",
            "enable_dns64": false,
            "enable_lni_at_device_index": 0,
            "enable_resource_name_dns_a_record_on_launch": false,
            "enable_resource_name_dns_aaaa_record_on_launch": false,
            "id": "subnet-02c50a39d5c893650",
            "ipv4_ipam_pool_id": null,
            "ipv4_netmask_length": null,
            "ipv6_cidr_block": "",
            "ipv6_cidr_block_association_id": "",
            "ipv6_ipam_pool_id": null,
            "ipv6_native": false,
            "ipv6_netmask_length": null,
            "map_customer_owned_ip_on_launch": false,
            "map_public_ip_on_launch": true,
            "outpost_arn": "",
            "owner_id": "256600409744",
            "private_dns_hostname_type_on_launch": "ip-name",
            "region": "ap-south-1",
            "tags": {
              "Name": "PublicSubnet-1b"
            },
            "tags_all": {
              "Name": "PublicSubnet-1b"
            },
            "timeouts": null,
            "vpc_id": "vpc-0ea76a21578c6dd1d"
          },
          "sensitive_attributes": [],
          "identity_schema_version": 0,
          "identity": {
            "account_id": "256600409744",
            "id": "subnet-02c50a39d5c893650",
            "region": "ap-south-1"
          },
          "private": "eyJlMmJmYjczMC1lY2FhLTExZTYtOGY4OC0zNDM2M2JjN2M0YzAiOnsiY3JlYXRlIjo2MDAwMDAwMDAwMDAsImRlbGV0ZSI6MTIwMDAwMDAwMDAwMH0sInNjaGVtYV92ZXJzaW9uIjoiMSJ9",
          "dependencies": [
            "aws_vpc.main"
          ]
        }
      ]
    },
    {
      "mode": "managed",
      "type": "aws_subnet",
      "name": "web_1a",
      "provider": "provider[\"registry.terraform.io/hashicorp/aws\"]",
      "instances": [
        {
          "schema_version": 1,
          "attributes": {
            "arn": "arn:aws:ec2:ap-south-1:256600409744:subnet/subnet-080047d1099737105",
            "assign_ipv6_address_on_creation": false,
            "availability_zone": "ap-south-1a",
            "availability_zone_id": "aps1-az1",
            "cidr_block": "192.168.3.0/24",
            "customer_owned_ipv4_pool": "",
            "enable_dns64": false,
            "enable_lni_at_device_index": 0,
            "enable_resource_name_dns_a_record_on_launch": false,
            "enable_resource_name_dns_aaaa_record_on_launch": false,
            "id": "subnet-080047d1099737105",
            "ipv4_ipam_pool_id": null,
            "ipv4_netmask_length": null,
            "ipv6_cidr_block": "",
            "ipv6_cidr_block_association_id": "",
            "ipv6_ipam_pool_id": null,
            "ipv6_native": false,
            "ipv6_netmask_length": null,
            "map_customer_owned_ip_on_launch": false,
            "map_public_ip_on_launch": false,
            "outpost_arn": "",
            "owner_id": "256600409744",
            "private_dns_hostname_type_on_launch": "ip-name",
            "region": "ap-south-1",
            "tags": {
              "Name": "PrivateSubnet-Web-1a"
            },
            "tags_all": {
              "Name": "PrivateSubnet-Web-1a"
            },
            "timeouts": null,
            "vpc_id": "vpc-0ea76a21578c6dd1d"
          },
          "sensitive_attributes": [],
          "identity_schema_version": 0,
          "identity": {
            "account_id": "256600409744",
            "id": "subnet-080047d1099737105",
            "region": "ap-south-1"
          },
          "private": "eyJlMmJmYjczMC1lY2FhLTExZTYtOGY4OC0zNDM2M2JjN2M0YzAiOnsiY3JlYXRlIjo2MDAwMDAwMDAwMDAsImRlbGV0ZSI6MTIwMDAwMDAwMDAwMH0sInNjaGVtYV92ZXJzaW9uIjoiMSJ9",
          "dependencies": [
            "aws_vpc.main"
          ]
        }
      ]
    },
    {
      "mode": "managed",
      "type": "aws_subnet",
      "name": "web_1b",
      "provider": "provider[\"registry.terraform.io/hashicorp/aws\"]",
      "instances": [
        {
          "schema_version": 1,
          "attributes": {
            "arn": "arn:aws:ec2:ap-south-1:256600409744:subnet/subnet-002465ef0c3386799",
            "assign_ipv6_address_on_creation": false,
            "availability_zone": "ap-south-1b",
            "availability_zone_id": "aps1-az3",
            "cidr_block": "192.168.4.0/24",
            "customer_owned_ipv4_pool": "",
            "enable_dns64": false,
            "enable_lni_at_device_index": 0,
            "enable_resource_name_dns_a_record_on_launch": false,
            "enable_resource_name_dns_aaaa_record_on_launch": false,
            "id": "subnet-002465ef0c3386799",
            "ipv4_ipam_pool_id": null,
            "ipv4_netmask_length": null,
            "ipv6_cidr_block": "",
            "ipv6_cidr_block_association_id": "",
            "ipv6_ipam_pool_id": null,
            "ipv6_native": false,
            "ipv6_netmask_length": null,
            "map_customer_owned_ip_on_launch": false,
            "map_public_ip_on_launch": false,
            "outpost_arn": "",
            "owner_id": "256600409744",
            "private_dns_hostname_type_on_launch": "ip-name",
            "region": "ap-south-1",
            "tags": {
              "Name": "PrivateSubnet-Web-1b"
            },
            "tags_all": {
              "Name": "PrivateSubnet-Web-1b"
            },
            "timeouts": null,
            "vpc_id": "vpc-0ea76a21578c6dd1d"
          },
          "sensitive_attributes": [],
          "identity_schema_version": 0,
          "identity": {
            "account_id": "256600409744",
            "id": "subnet-002465ef0c3386799",
            "region": "ap-south-1"
          },
          "private": "eyJlMmJmYjczMC1lY2FhLTExZTYtOGY4OC0zNDM2M2JjN2M0YzAiOnsiY3JlYXRlIjo2MDAwMDAwMDAwMDAsImRlbGV0ZSI6MTIwMDAwMDAwMDAwMH0sInNjaGVtYV92ZXJzaW9uIjoiMSJ9",
          "dependencies": [
            "aws_vpc.main"
          ]
        }
      ]
    },
    {
      "mode": "managed",
      "type": "aws_vpc",
      "name": "main",
      "provider": "provider[\"registry.terraform.io/hashicorp/aws\"]",
      "instances": [
        {
          "schema_version": 1,
          "attributes": {
            "arn": "arn:aws:ec2:ap-south-1:256600409744:vpc/vpc-0ea76a21578c6dd1d",
            "assign_generated_ipv6_cidr_block": false,
            "cidr_block": "192.168.0.0/16",
            "default_network_acl_id": "acl-0ed85c65d41999ce7",
            "default_route_table_id": "rtb-042d48856c6aa6beb",
            "default_security_group_id": "sg-0a6b1d1bfeb651e00",
            "dhcp_options_id": "dopt-0840c389c49ff7324",
            "enable_dns_hostnames": true,
            "enable_dns_support": true,
            "enable_network_address_usage_metrics": false,
            "id": "vpc-0ea76a21578c6dd1d",
            "instance_tenancy": "default",
            "ipv4_ipam_pool_id": null,
            "ipv4_netmask_length": null,
            "ipv6_association_id": "",
            "ipv6_cidr_block": "",
            "ipv6_cidr_block_network_border_group": "",
            "ipv6_ipam_pool_id": "",
            "ipv6_netmask_length": 0,
            "main_route_table_id": "rtb-042d48856c6aa6beb",
            "owner_id": "256600409744",
            "region": "ap-south-1",
            "tags": {
              "Name": "3-tier-project"
            },
            "tags_all": {
              "Name": "3-tier-project"
            }
          },
          "sensitive_attributes": [],
          "identity_schema_version": 0,
          "identity": {
            "account_id": "256600409744",
            "id": "vpc-0ea76a21578c6dd1d",
            "region": "ap-south-1"
          },
          "private": "eyJzY2hlbWFfdmVyc2lvbiI6IjEifQ=="
        }
      ]
    }
  ],
  "check_results": null
}
